{"SurveyEntry":{"SurveyID":"SV_cSKr5voz0akZ7P8","SurveyName":"Replication Project","SurveyDescription":null,"SurveyOwnerID":"UR_emMjclMmJjnjfMh","SurveyBrandID":"ucbpsych","DivisionID":null,"SurveyLanguage":"EN","SurveyActiveResponseSet":"RS_6tkaHaNDXVKMhlY","SurveyStatus":"Active","SurveyStartDate":"0000-00-00 00:00:00","SurveyExpirationDate":"0000-00-00 00:00:00","SurveyCreationDate":"2021-10-28 13:37:38","CreatorID":"UR_emMjclMmJjnjfMh","LastModified":"2021-12-01 15:25:08","LastAccessed":"0000-00-00 00:00:00","LastActivated":"2021-10-28 15:09:36","Deleted":null},"SurveyElements":[{"SurveyID":"SV_cSKr5voz0akZ7P8","Element":"BL","PrimaryAttribute":"Survey Blocks","SecondaryAttribute":null,"TertiaryAttribute":null,"Payload":{"0":{"Type":"Default","Description":"Intro","ID":"BL_bKNeDmV0shQba5f","BlockElements":[{"Type":"Question","QuestionID":"QID1"},{"Type":"Question","QuestionID":"QID129"},{"Type":"Page Break"}],"Options":{"BlockLocking":"false","RandomizeQuestions":"false","BlockVisibility":"Collapsed"}},"1":{"Type":"Trash","Description":"Trash \/ Unused Questions","ID":"BL_aic4dCbvxolFVDn","BlockElements":[{"Type":"Question","QuestionID":"QID145"},{"Type":"Question","QuestionID":"QID146"}]},"3":{"Type":"Standard","SubType":"","Description":"Demographics","ID":"BL_bpAYeg56NSI7xYx","BlockElements":[{"Type":"Question","QuestionID":"QID9"},{"Type":"Question","QuestionID":"QID10"},{"Type":"Question","QuestionID":"QID11"},{"Type":"Question","QuestionID":"QID81"},{"Type":"Page Break"},{"Type":"Question","QuestionID":"QID12"},{"Type":"Question","QuestionID":"QID13"},{"Type":"Question","QuestionID":"QID32"}],"Options":{"BlockLocking":"false","RandomizeQuestions":"false","BlockVisibility":"Collapsed"}},"12":{"Type":"Standard","SubType":"","Description":"comprehension [comprehension1 and accomprehension]","ID":"BL_6gNgxlrhiMNprYF","BlockElements":[{"Type":"Question","QuestionID":"QID84"},{"Type":"Question","QuestionID":"QID128"},{"Type":"Page Break"},{"Type":"Question","QuestionID":"QID87"},{"Type":"Question","QuestionID":"QID85"},{"Type":"Question","QuestionID":"QID86"}],"Options":{"BlockLocking":"false","RandomizeQuestions":"false","BlockVisibility":"Collapsed"}},"16":{"Type":"Standard","SubType":"","Description":"nfc & ac3","ID":"BL_6LFztiobmN6DWTz","BlockElements":[{"Type":"Question","QuestionID":"QID7"},{"Type":"Question","QuestionID":"QID125"}],"Options":{"BlockLocking":"false","RandomizeQuestions":"false","BlockVisibility":"Collapsed"}},"17":{"Type":"Standard","SubType":"","Description":"Finish","ID":"BL_eerpkW9fPtYHKUl","BlockElements":[{"Type":"Question","QuestionID":"QID122"},{"Type":"Question","QuestionID":"QID110"}],"Options":{"BlockLocking":"false","RandomizeQuestions":"false","BlockVisibility":"Expanded"}},"19":{"Type":"Standard","SubType":"","Description":"Matrix task 1 [comprehension2]","ID":"BL_cHiKFkDXOLaVyXr","BlockElements":[{"Type":"Question","QuestionID":"QID131"}],"Options":{"BlockLocking":"false","RandomizeQuestions":"false","BlockVisibility":"Collapsed"}},"20":{"Type":"Standard","SubType":"","Description":"Matrix task 2 [X1_honesty_1 to X5_honesty_1]","ID":"BL_0r0TFL5JB14e8dL","BlockElements":[{"Type":"Question","QuestionID":"QID133"},{"Type":"Question","QuestionID":"QID134"}],"Options":{"BlockLocking":"false","RandomizeQuestions":"false","Looping":"Static","LoopingOptions":{"Static":{"1":{"1":"0.47","2":"4.48","3":"2.57","4":"3.15","5":"3.82","6":"4.38","7":"4.94","8":"5.52","9":"5.98","10":"2.95","11":"4.86","12":"7.54"},"2":{"1":"1.46","2":"6.98","3":"9.66","4":"0.48","5":"1.79","6":"2.48","7":"0.58","8":"5.69","9":"8.54","10":"1.65","11":"0.98","12":"7.94"},"3":{"1":"0.06","2":"8.29","3":"5.39","4":"1.73","5":"0.03","6":"8.98","7":"2.1","8":"4.96","9":"9.42","10":"4.53","11":"4.65","12":"9.92"},"4":{"1":"0.14","2":"0.15","3":"0.32","4":"7.55","5":"5.68","6":"0.52","7":"5.48","8":"6.15","9":"3.64","10":"5.28","11":"2.55","12":"1.17"},"5":{"1":"2.01","2":"2.34","3":"7.2","4":"5.24","5":"4.25","6":"1.28","7":"4.5","8":"2.81","9":"9.22","10":"6.97","11":"5.23","12":"6.74"}},"Randomization":"None"},"BlockVisibility":"Collapsed"}},"21":{"Type":"Standard","SubType":"","Description":"Usage [honesty2]","ID":"BL_d1qQIMA6BnPgUND","BlockElements":[{"Type":"Question","QuestionID":"QID142"},{"Type":"Question","QuestionID":"QID28"},{"Type":"Question","QuestionID":"QID29"},{"Type":"Question","QuestionID":"QID71"},{"Type":"Question","QuestionID":"QID83"},{"Type":"Question","QuestionID":"QID69"},{"Type":"Question","QuestionID":"QID143"},{"Type":"Page Break"},{"Type":"Question","QuestionID":"QID137"},{"Type":"Question","QuestionID":"QID141"},{"Type":"Question","QuestionID":"QID140"}],"Options":{"BlockLocking":"false","RandomizeQuestions":"false","BlockVisibility":"Expanded"}},"22":{"Type":"Standard","SubType":"","Description":"[ac1-ac2]\u00a0","ID":"BL_8pt9UKELYosHU0J","BlockElements":[{"Type":"Question","QuestionID":"QID2"},{"Type":"Question","QuestionID":"QID3"},{"Type":"Question","QuestionID":"QID4"}],"Options":{"BlockLocking":"false","RandomizeQuestions":"false","BlockVisibility":"Collapsed"}}}},{"SurveyID":"SV_cSKr5voz0akZ7P8","Element":"BR","PrimaryAttribute":"FL_7","SecondaryAttribute":null,"TertiaryAttribute":null,"Payload":{"FL_27":0,"FL_3":0,"FL_6":0,"FL_8":0,"FL_28":0,"FL_29":0,"FL_32":0,"ID":"FL_7"}},{"SurveyID":"SV_cSKr5voz0akZ7P8","Element":"FL","PrimaryAttribute":"Survey Flow","SecondaryAttribute":null,"TertiaryAttribute":null,"Payload":{"Type":"Root","FlowID":"FL_1","Flow":[{"Type":"EmbeddedData","FlowID":"FL_58","EmbeddedData":[{"Description":"PROLIFIC_PID","Type":"Recipient","Field":"PROLIFIC_PID","VariableType":"String","DataVisibility":[],"AnalyzeText":false},{"Description":"workerid","Type":"Recipient","Field":"workerid","VariableType":"String","DataVisibility":[],"AnalyzeText":false},{"Description":"assignmentId","Type":"Recipient","Field":"assignmentId","VariableType":"String","DataVisibility":[],"AnalyzeText":false},{"Description":"hitId","Type":"Recipient","Field":"hitId","VariableType":"String","DataVisibility":[],"AnalyzeText":false},{"Description":"site","Type":"Recipient","Field":"site","VariableType":"String","DataVisibility":[],"AnalyzeText":false},{"Description":"gender","Type":"Custom","Field":"gender","VariableType":"String","DataVisibility":[],"AnalyzeText":false,"Value":"${q:\/\/QID10\/ChoiceGroup\/SelectedChoices}"},{"Description":"aid","Type":"Recipient","Field":"aid","VariableType":"String","DataVisibility":[],"AnalyzeText":false},{"Description":"randomId","Type":"Custom","Field":"randomId","VariableType":"String","DataVisibility":[],"AnalyzeText":false,"Value":"${rand:\/\/int\/10000:99999}"}]},{"Type":"Branch","FlowID":"FL_78","Description":"New Branch","BranchLogic":{"0":{"0":{"LogicType":"EmbeddedField","LeftOperand":"site","Operator":"EqualTo","RightOperand":"Prolific","_HiddenExpression":false,"Type":"Expression","Description":"<span class=\"ConjDesc\">If<\/span>  <span class=\"LeftOpDesc\">site<\/span> <span class=\"OpDesc\">Is Equal to<\/span> <span class=\"RightOpDesc\"> Prolific <\/span>"},"Type":"If"},"Type":"BooleanExpression"},"Flow":[{"Type":"EmbeddedData","FlowID":"FL_79","EmbeddedData":[{"Description":"sign","Type":"Custom","Field":"sign","VariableType":"String","DataVisibility":[],"AnalyzeText":false,"Value":"GBP"},{"Description":"sample","Type":"Custom","Field":"sample","VariableType":"String","DataVisibility":[],"AnalyzeText":false,"Value":"Prolific"}]}]},{"Type":"Branch","FlowID":"FL_80","Description":"New Branch","BranchLogic":{"0":{"0":{"LogicType":"EmbeddedField","LeftOperand":"site","Operator":"EqualTo","RightOperand":"MTurk","_HiddenExpression":false,"Type":"Expression","Description":"<span class=\"ConjDesc\">If<\/span>  <span class=\"LeftOpDesc\">site<\/span> <span class=\"OpDesc\">Is Equal to<\/span> <span class=\"RightOpDesc\"> MTurk <\/span>"},"Type":"If"},"Type":"BooleanExpression"},"Flow":[{"Type":"EmbeddedData","FlowID":"FL_81","EmbeddedData":[{"Description":"sign","Type":"Custom","Field":"sign","VariableType":"String","DataVisibility":[],"AnalyzeText":false,"Value":"USD"},{"Description":"sample","Type":"Custom","Field":"sample","VariableType":"String","DataVisibility":[],"AnalyzeText":false,"Value":"MTurk"}]}]},{"Type":"Branch","FlowID":"FL_74","Description":"New Branch","BranchLogic":{"0":{"0":{"LogicType":"EmbeddedField","LeftOperand":"site","Operator":"EqualTo","RightOperand":"CloudResearch","_HiddenExpression":false,"Type":"Expression","Description":"<span class=\"ConjDesc\">If<\/span>  <span class=\"LeftOpDesc\">site<\/span> <span class=\"OpDesc\">Is Equal to<\/span> <span class=\"RightOpDesc\"> CloudResearch <\/span>"},"Type":"If"},"Type":"BooleanExpression"},"Flow":[{"Type":"EmbeddedData","FlowID":"FL_75","EmbeddedData":[{"Description":"site","Type":"Custom","Field":"site","VariableType":"String","DataVisibility":[],"AnalyzeText":false,"Value":"CloudResearch"},{"Description":"sign","Type":"Custom","Field":"sign","VariableType":"String","DataVisibility":[],"AnalyzeText":false,"Value":"USD"},{"Description":"sample","Type":"Custom","Field":"sample","VariableType":"String","DataVisibility":[],"AnalyzeText":false,"Value":"CloudResearch"},{"Description":"Create New Field or Choose From Dropdown...","Type":"Recipient","Field":"Create New Field or Choose From Dropdown...","VariableType":"String","DataVisibility":[],"AnalyzeText":false}]}]},{"Type":"Block","ID":"BL_bKNeDmV0shQba5f","FlowID":"FL_2","Autofill":[]},{"Type":"Standard","ID":"BL_bpAYeg56NSI7xYx","FlowID":"FL_4","Autofill":[]},{"Type":"Standard","ID":"BL_8pt9UKELYosHU0J","FlowID":"FL_55","Autofill":[]},{"Type":"Standard","ID":"BL_6LFztiobmN6DWTz","FlowID":"FL_32","Autofill":[]},{"Type":"Standard","ID":"BL_6gNgxlrhiMNprYF","FlowID":"FL_27","Autofill":[]},{"Type":"Standard","ID":"BL_cHiKFkDXOLaVyXr","FlowID":"FL_50","Autofill":[]},{"Type":"Standard","ID":"BL_0r0TFL5JB14e8dL","FlowID":"FL_51","Autofill":[]},{"Type":"Standard","ID":"BL_d1qQIMA6BnPgUND","FlowID":"FL_52","Autofill":[]},{"Type":"Standard","ID":"BL_eerpkW9fPtYHKUl","FlowID":"FL_35","Autofill":[]},{"Type":"Branch","FlowID":"FL_68","Description":"New Branch","BranchLogic":{"0":{"0":{"LogicType":"EmbeddedField","LeftOperand":"site","Operator":"EqualTo","RightOperand":"Prolific","_HiddenExpression":false,"Type":"Expression","Description":"<span class=\"ConjDesc\">If<\/span>  <span class=\"LeftOpDesc\">site<\/span> <span class=\"OpDesc\">Is Equal to<\/span> <span class=\"RightOpDesc\"> Prolific <\/span>"},"Type":"If"},"Type":"BooleanExpression"},"Flow":[{"Type":"EndSurvey","FlowID":"FL_69","EndingType":"Advanced","Options":{"Advanced":"true","SurveyTermination":"Redirect","EOSRedirectURL":"https:\/\/app.prolific.co\/submissions\/complete?cc=3241D3E9"}}]},{"Type":"Branch","FlowID":"FL_82","Description":"New Branch","BranchLogic":{"0":{"0":{"LogicType":"EmbeddedField","LeftOperand":"site","Operator":"EqualTo","RightOperand":"MTurk","_HiddenExpression":false,"Type":"Expression","Description":"<span class=\"ConjDesc\">If<\/span>  <span class=\"LeftOpDesc\">site<\/span> <span class=\"OpDesc\">Is Equal to<\/span> <span class=\"RightOpDesc\"> MTurk <\/span>"},"Type":"If"},"Type":"BooleanExpression"},"Flow":[{"Type":"EndSurvey","FlowID":"FL_83","EndingType":"Advanced","Options":{"Advanced":"true","SurveyTermination":"DisplayMessage","EOSRedirectURL":"http:\/\/www.qualtrics.com","EOSMessageLibrary":"UR_emMjclMmJjnjfMh","EOSMessage":"MS_bw5ngCCZ78Nsdim"}}]},{"Type":"Branch","FlowID":"FL_70","Description":"New Branch","BranchLogic":{"0":{"0":{"LogicType":"EmbeddedField","LeftOperand":"site","Operator":"EqualTo","RightOperand":"CloudResearch","_HiddenExpression":false,"Type":"Expression","Description":"<span class=\"ConjDesc\">If<\/span>  <span class=\"LeftOpDesc\">site<\/span> <span class=\"OpDesc\">Is Equal to<\/span> <span class=\"RightOpDesc\"> CloudResearch <\/span>"},"Type":"If"},"Type":"BooleanExpression"},"Flow":[{"Type":"EndSurvey","FlowID":"FL_71","EndingType":"Advanced","Options":{"Advanced":"true","SurveyTermination":"Redirect","EOSRedirectURL":"https:\/\/app.cloudresearch.com\/Router\/End?aid=${e:\/\/Field\/aid}","EOSMessageLibrary":"UR_6QfSdpqeJt4zpvT","EOSMessage":"MS_9ZboimPoeyByuwZ"}}]}],"Properties":{"Count":84,"RemovedFieldsets":[]}}},{"SurveyID":"SV_cSKr5voz0akZ7P8","Element":"NT","PrimaryAttribute":"NT_0Djv8W7phIvgV1j","SecondaryAttribute":null,"TertiaryAttribute":null,"Payload":{"Notes":[{"Message":"convert to drop down","ID":"NO_82F1YeWlqp3p5Y1","UserID":"UR_6QfSdpqeJt4zpvT","Timestamp":1592487207,"Removed":true}],"UserStatuses":{"UR_6QfSdpqeJt4zpvT":"Expanded"},"ParentID":"QID32","ID":"NT_0Djv8W7phIvgV1j"}},{"SurveyID":"SV_cSKr5voz0akZ7P8","Element":"NT","PrimaryAttribute":"NT_3CwwYZx7XRXc7sh","SecondaryAttribute":null,"TertiaryAttribute":null,"Payload":{"Notes":[{"Message":"convert to drop down","ID":"NO_08k5hIyklMLe24B","UserID":"UR_6QfSdpqeJt4zpvT","Timestamp":1592487221,"Removed":false}],"UserStatuses":{"UR_6QfSdpqeJt4zpvT":"Expanded"},"ParentID":"QID30","ID":"NT_3CwwYZx7XRXc7sh"}},{"SurveyID":"SV_cSKr5voz0akZ7P8","Element":"NT","PrimaryAttribute":"NT_aVjEr06ZlKIFhxH","SecondaryAttribute":null,"TertiaryAttribute":null,"Payload":{"Notes":[{"Message":"substitute with image with more faces","ID":"NO_2rTEx7Ztt8tmqaN","UserID":"UR_6QfSdpqeJt4zpvT","Timestamp":1592485480,"Removed":true}],"UserStatuses":{"UR_6QfSdpqeJt4zpvT":"Expanded"},"ParentID":"QID85","ID":"NT_aVjEr06ZlKIFhxH"}},{"SurveyID":"SV_cSKr5voz0akZ7P8","Element":"NT","PrimaryAttribute":"NT_bsJNEbC3Y4lqxg1","SecondaryAttribute":null,"TertiaryAttribute":null,"Payload":{"Notes":[{"Message":"convert to drop down","ID":"NO_8exh8a760MOq0PX","UserID":"UR_6QfSdpqeJt4zpvT","Timestamp":1592487197,"Removed":true}],"UserStatuses":{"UR_6QfSdpqeJt4zpvT":"Expanded","UR_emMjclMmJjnjfMh":"Expanded"},"ParentID":"QID11","ID":"NT_bsJNEbC3Y4lqxg1"}},{"SurveyID":"SV_cSKr5voz0akZ7P8","Element":"NT","PrimaryAttribute":"NT_bwHQ1OqR2YZpuVn","SecondaryAttribute":null,"TertiaryAttribute":null,"Payload":{"Notes":[{"Message":"more options","ID":"NO_3DhHGKdHyC3HSkt","UserID":"UR_6QfSdpqeJt4zpvT","Timestamp":1592487229,"Removed":true}],"UserStatuses":{"UR_6QfSdpqeJt4zpvT":"Expanded","UR_emMjclMmJjnjfMh":"Expanded"},"ParentID":"QID10","ID":"NT_bwHQ1OqR2YZpuVn"}},{"SurveyID":"SV_cSKr5voz0akZ7P8","Element":"SO","PrimaryAttribute":"Survey Options","SecondaryAttribute":null,"TertiaryAttribute":null,"Payload":{"BackButton":"false","SaveAndContinue":"true","SurveyProtection":"PublicSurvey","BallotBoxStuffingPrevention":"true","SurveyExpiration":null,"SurveyTermination":"Redirect","Header":"","Footer":"","ProgressBarDisplay":"VerboseText","PartialData":"+4 hour","ValidationMessage":null,"PreviousButton":"  <<  ","NextButton":"  Next","SkinLibrary":"ucbpsych","SkinType":"templated","Skin":{"brandingId":null,"templateId":"*base","overrides":null},"NewScoring":1,"PreferJFE":false,"libraryId":"","nextButtonMid":"","previousButtonMid":"","headerMid":"","footerMid":"","QuestionsPerPage":"","CustomStyles":[],"HighlightQuestions":"off","EOSMessage":"MS_bw5ngCCZ78Nsdim","ShowExportTags":"false","CollectGeoLocation":"false","SurveyTitle":"Online Survey Software | Qualtrics Survey Solutions","SurveyMetaDescription":"Qualtrics sophisticated online survey software solutions make creating online surveys easy. Learn more about Research Suite and get a free account today.","PasswordProtection":"No","AnonymizeResponse":"No","Password":"","RefererCheck":"No","NoIndex":"No","RefererURL":"http:\/\/","EOSMessageLibrary":"UR_emMjclMmJjnjfMh","EOSRedirectURL":"https:\/\/app.cloudresearch.com\/Router\/End?aid=${e:\/\/Field\/aid}","EmailThankYou":"false","ThankYouEmailMessageLibrary":null,"ThankYouEmailMessage":null,"ValidateMessage":"false","ValidationMessageLibrary":null,"InactiveSurvey":"DefaultMessage","InactiveMessageLibrary":"","InactiveMessage":"","AvailableLanguages":{"EN":[]},"ProtectSelectionIds":true,"PageTransition":"Fade","SecureResponseFiles":"false","BallotBoxStuffingPreventionBehavior":"Continue","BallotBoxStuffingPreventionMessage":"","BallotBoxStuffingPreventionMessageLibrary":"","BallotBoxStuffingPreventionURL":null,"RecaptchaV3":"false","ConfirmStart":false,"AutoConfirmStart":false,"UseCustomSurveyLinkCompletedMessage":null,"SurveyLinkCompletedMessage":"","SurveyLinkCompletedMessageLibrary":"","ResponseSummary":"No","PartialDataCloseAfter":"LastActivity","ActiveResponseSet":null,"PartialDeletion":null,"Autofocus":"false","Autoadvance":"false","AutoadvancePages":"false","RelevantID":"false","RelevantIDLockoutPeriod":"+30 days"}},{"SurveyID":"SV_cSKr5voz0akZ7P8","Element":"SCO","PrimaryAttribute":"Scoring","SecondaryAttribute":null,"TertiaryAttribute":null,"Payload":{"ScoringCategories":[{"ID":"SC_8GLLErbq6mmDpaZ","Name":"Score","Description":""}],"ScoringCategoryGroups":[],"DefaultScoringCategory":"SC_8GLLErbq6mmDpaZ","ScoringSummaryCategory":null,"ScoringSummaryAfterQuestions":0,"ScoringSummaryAfterSurvey":0,"AutoScoringCategory":null}},{"SurveyID":"SV_cSKr5voz0akZ7P8","Element":"PROJ","PrimaryAttribute":"CORE","SecondaryAttribute":null,"TertiaryAttribute":"1.1.0","Payload":{"ProjectCategory":"CORE","SchemaVersion":"1.1.0"}},{"SurveyID":"SV_cSKr5voz0akZ7P8","Element":"STAT","PrimaryAttribute":"Survey Statistics","SecondaryAttribute":null,"TertiaryAttribute":null,"Payload":{"MobileCompatible":true,"ID":"Survey Statistics"}},{"SurveyID":"SV_cSKr5voz0akZ7P8","Element":"SQ","PrimaryAttribute":"QID85","SecondaryAttribute":" ","TertiaryAttribute":null,"Payload":{"QuestionText":"<img height=\"449\" src=\"https:\/\/hujipolicy.fra1.qualtrics.com\/CP\/Graphic.php?IM=IM_dik4a8WiKWM47fn\" style=\"width: 800px; height: 449px; border-width: 1px; border-style: solid;\" width=\"800\" \/>","DefaultChoices":false,"DataExportTag":"comprehensionpic","QuestionType":"DB","Selector":"TB","Configuration":{"QuestionDescriptionOption":"UseText"},"QuestionDescription":" ","ChoiceOrder":[],"Validation":{"Settings":{"Type":"None"}},"GradingData":[],"Language":[],"URL":"http:\/\/www.smilesofstyle.com\/blog\/wp-content\/uploads\/2011\/08\/business-people21.jpg","Graphics":"http:\/\/www.smilesofstyle.com\/blog\/wp-content\/uploads\/2011\/08\/business-people21.jpg","QuestionID":"QID85","DataVisibility":{"Private":false,"Hidden":false},"NextChoiceId":1,"NextAnswerId":1,"QuestionText_Unsafe":"<img height=\"449\" src=\"https:\/\/hujipolicy.fra1.qualtrics.com\/CP\/Graphic.php?IM=IM_dik4a8WiKWM47fn\" style=\"width: 800px; height: 449px; border-width: 1px; border-style: solid;\" width=\"800\" \/>"}},{"SurveyID":"SV_cSKr5voz0akZ7P8","Element":"SQ","PrimaryAttribute":"QID145","SecondaryAttribute":"${e:\/\/Field\/site} ${e:\/\/Field\/sign} ${e:\/\/Field\/sample}","TertiaryAttribute":null,"Payload":{"DefaultChoices":false,"DataExportTag":"Q35","QuestionType":"DB","Selector":"TB","Configuration":{"QuestionDescriptionOption":"UseText"},"ChoiceOrder":[],"Validation":{"Settings":{"Type":"None"}},"GradingData":[],"Language":[],"NextChoiceId":4,"NextAnswerId":1,"QuestionID":"QID145","QuestionText":"${e:\/\/Field\/site}<div>${e:\/\/Field\/sign}<br><\/div><div>${e:\/\/Field\/sample}<br><\/div>","QuestionDescription":"${e:\/\/Field\/site} ${e:\/\/Field\/sign} ${e:\/\/Field\/sample}"}},{"SurveyID":"SV_cSKr5voz0akZ7P8","Element":"QC","PrimaryAttribute":"Survey Question Count","SecondaryAttribute":"146","TertiaryAttribute":null,"Payload":null},{"SurveyID":"SV_cSKr5voz0akZ7P8","Element":"SQ","PrimaryAttribute":"QID129","SecondaryAttribute":"Browser Meta Info","TertiaryAttribute":null,"Payload":{"QuestionText":"Browser Meta Info","DefaultChoices":false,"DataExportTag":"Q1.2","QuestionType":"Meta","Selector":"Browser","Configuration":{"QuestionDescriptionOption":"UseText"},"QuestionDescription":"Browser Meta Info","Choices":{"1":{"Display":"Browser","TextEntry":1},"2":{"Display":"Version","TextEntry":1},"3":{"Display":"Operating System","TextEntry":1},"4":{"Display":"Screen Resolution","TextEntry":1},"5":{"Display":"Flash Version","TextEntry":1},"6":{"Display":"Java Support","TextEntry":1},"7":{"Display":"User Agent","TextEntry":1}},"GradingData":[],"Language":[],"NextChoiceId":4,"NextAnswerId":1,"QuestionID":"QID129","QuestionText_Unsafe":"Browser Meta Info"}},{"SurveyID":"SV_cSKr5voz0akZ7P8","Element":"SQ","PrimaryAttribute":"QID134","SecondaryAttribute":"Can you find two numbers that add up to exactly 10 in the table below?\u00a0 \u00a0 ${lm:\/\/Field\/1}\u200b ...","TertiaryAttribute":null,"Payload":{"QuestionText":"Can you find two numbers that add up to exactly 10 in the table below?&nbsp;\n<div>\n<div>&nbsp;<\/div>\n\n<div>\n<table align=\"center\" border=\"4\" cellpadding=\"1\" cellspacing=\"1\" class=\"UserTable\" style=\"height:200px;width:500px;\">\n\t<tbody>\n\t\t<tr>\n\t\t\t<td style=\"text-align: center;\"><strong>${lm:\/\/Field\/1}\u200b<br><\/strong><\/td>\n\t\t\t<td style=\"text-align: center;\"><strong>${lm:\/\/Field\/2}\u200b<\/strong><\/td>\n\t\t\t<td style=\"text-align: center;\"><strong>${lm:\/\/Field\/3}\u200b<\/strong><\/td>\n\t\t<\/tr>\n\t\t<tr>\n\t\t\t<td style=\"text-align: center;\"><strong>${lm:\/\/Field\/4}\u200b<\/strong><\/td>\n\t\t\t<td style=\"text-align: center;\"><strong>${lm:\/\/Field\/5}<\/strong><\/td>\n\t\t\t<td style=\"text-align: center;\"><strong>${lm:\/\/Field\/6}<\/strong><\/td>\n\t\t<\/tr>\n\t\t<tr>\n\t\t\t<td style=\"text-align: center;\"><strong>${lm:\/\/Field\/7}\u200b<\/strong><\/td>\n\t\t\t<td style=\"text-align: center;\"><strong>${lm:\/\/Field\/8}\u200b<\/strong><\/td>\n\t\t\t<td style=\"text-align: center;\"><strong>${lm:\/\/Field\/9}\u200b<\/strong><\/td>\n\t\t<\/tr>\n\t\t<tr>\n\t\t\t<td style=\"text-align: center;\"><strong>${lm:\/\/Field\/10}\u200b<\/strong><\/td>\n\t\t\t<td style=\"text-align: center;\"><strong>${lm:\/\/Field\/11}\u200b<\/strong><\/td>\n\t\t\t<td style=\"text-align: center;\"><strong>${lm:\/\/Field\/12}\u200b<\/strong><\/td>\n\t\t<\/tr>\n\t<\/tbody>\n<\/table>\n<\/div>\n<\/div>","DefaultChoices":false,"DataExportTag":"honesty1","QuestionType":"MC","Selector":"SACOL","SubSelector":"TX","DataVisibility":{"Private":false,"Hidden":false},"Configuration":{"QuestionDescriptionOption":"UseText","NumColumns":2},"QuestionDescription":"Can you find two numbers that add up to exactly 10 in the table below?\u00a0 \u00a0 ${lm:\/\/Field\/1}\u200b ...","Choices":{"1":{"Display":"Found it!"},"2":{"Display":"No"}},"ChoiceOrder":[1,2],"Validation":{"Settings":{"ForceResponse":"RequestResponse","ForceResponseType":"RequestResponse","Type":"None"}},"RecodeValues":{"1":"0","2":"1"},"GradingData":[{"ChoiceID":1,"Grades":{"SC_3Xhpt7RhNkpCzzv":1,"SC_8GLLErbq6mmDpaZ":1},"index":0},{"ChoiceID":2,"Grades":{"SC_3Xhpt7RhNkpCzzv":"0","SC_8GLLErbq6mmDpaZ":"0"},"index":1}],"Language":[],"NextChoiceId":3,"NextAnswerId":1,"QuestionID":"QID134","QuestionText_Unsafe":"Can you find two numbers that add up to exactly 10 in the table below?&nbsp;\n<div>\n<div>&nbsp;<\/div>\n\n<div>\n<table align=\"center\" border=\"4\" cellpadding=\"1\" cellspacing=\"1\" class=\"UserTable\" style=\"height:200px;width:500px;\">\n\t<tbody>\n\t\t<tr>\n\t\t\t<td style=\"text-align: center;\"><strong>${lm:\/\/Field\/1}\u200b<br><\/strong><\/td>\n\t\t\t<td style=\"text-align: center;\"><strong>${lm:\/\/Field\/2}\u200b<\/strong><\/td>\n\t\t\t<td style=\"text-align: center;\"><strong>${lm:\/\/Field\/3}\u200b<\/strong><\/td>\n\t\t<\/tr>\n\t\t<tr>\n\t\t\t<td style=\"text-align: center;\"><strong>${lm:\/\/Field\/4}\u200b<\/strong><\/td>\n\t\t\t<td style=\"text-align: center;\"><strong>${lm:\/\/Field\/5}<\/strong><\/td>\n\t\t\t<td style=\"text-align: center;\"><strong>${lm:\/\/Field\/6}<\/strong><\/td>\n\t\t<\/tr>\n\t\t<tr>\n\t\t\t<td style=\"text-align: center;\"><strong>${lm:\/\/Field\/7}\u200b<\/strong><\/td>\n\t\t\t<td style=\"text-align: center;\"><strong>${lm:\/\/Field\/8}\u200b<\/strong><\/td>\n\t\t\t<td style=\"text-align: center;\"><strong>${lm:\/\/Field\/9}\u200b<\/strong><\/td>\n\t\t<\/tr>\n\t\t<tr>\n\t\t\t<td style=\"text-align: center;\"><strong>${lm:\/\/Field\/10}\u200b<\/strong><\/td>\n\t\t\t<td style=\"text-align: center;\"><strong>${lm:\/\/Field\/11}\u200b<\/strong><\/td>\n\t\t\t<td style=\"text-align: center;\"><strong>${lm:\/\/Field\/12}\u200b<\/strong><\/td>\n\t\t<\/tr>\n\t<\/tbody>\n<\/table>\n<\/div>\n<\/div>"}},{"SurveyID":"SV_cSKr5voz0akZ7P8","Element":"RS","PrimaryAttribute":"RS_6tkaHaNDXVKMhlY","SecondaryAttribute":"Default Response Set","TertiaryAttribute":null,"Payload":null},{"SurveyID":"SV_cSKr5voz0akZ7P8","Element":"SQ","PrimaryAttribute":"QID69","SecondaryAttribute":"Do you use any of the web sites listed below as a participant\/worker and, if so, how often?","TertiaryAttribute":null,"Payload":{"QuestionText":"<div style=\"\"><div style=\"\"><div style=\"\"><div style=\"\"><div style=\"\"><div style=\"\"><span class=\"\" style=\"\">Do you use any of the web sites listed below as a participant\/worker and, if so, how often?<\/span><br><\/div><div style=\"\"><\/div><\/div><\/div><\/div><\/div><\/div><div style=\"\"><div style=\"\"><div style=\"\"><div style=\"\"><div style=\"\"><div style=\"\"><span style=\"font-weight: bold;\"><span style=\"font-weight: bold;\"><div><span class=\"\"><br><\/span><\/div><\/span><\/span><\/div><\/div><\/div><\/div><\/div><\/div>","DefaultChoices":false,"DataExportTag":"usage5","QuestionType":"Matrix","Selector":"Likert","SubSelector":"SingleAnswer","Configuration":{"QuestionDescriptionOption":"UseText","TextPosition":"inline","ChoiceColumnWidth":25,"RepeatHeaders":"none","WhiteSpace":"OFF","MobileFirst":true},"QuestionDescription":"Do you use any of the web sites listed below as a participant\/worker and, if so, how often?","Choices":{"8":{"Display":"Amazon MTurk"},"9":{"Display":"Prolific"},"16":{"Display":"Other (please specify)","TextEntry":"true"},"20":{"Display":"SurveyMonkey"},"21":{"Display":"CrowdFlower"}},"ChoiceOrder":[8,"9","20","21","16"],"Validation":{"Settings":{"ForceResponse":"RequestResponse","ForceResponseType":"RequestResponse","Type":"None"}},"GradingData":[],"Language":[],"Answers":{"1":{"Display":"No"},"2":{"Display":"Once or twice"},"3":{"Display":"A few times"},"4":{"Display":"Several times"},"5":{"Display":"Many times"}},"AnswerOrder":[1,2,3,4,5],"ChoiceDataExportTags":{"8":"Q9.5_8","9":"Q9.5_9","16":"Q9.5_16","20":"Q9.5_20","21":"Q9.5_21"},"QuestionID":"QID69","Randomization":{"Advanced":null,"TotalRandSubset":"","Type":"None"},"DataVisibility":{"Private":false,"Hidden":false},"NextChoiceId":22,"NextAnswerId":6,"QuestionText_Unsafe":"Have you completed online surveys and research using any of the services listed below and, if so, how often?","RecodeValues":{"1":"1","2":"2","3":"3","4":"4","5":"5"},"VariableNaming":{"1":"Never","2":"Once or twice","3":"A few times","4":"Several times","5":"Many times"}}},{"SurveyID":"SV_cSKr5voz0akZ7P8","Element":"SQ","PrimaryAttribute":"QID143","SecondaryAttribute":"Have you completed a study similar to this study in the past several months? If so, where did you...","TertiaryAttribute":null,"Payload":{"QuestionText":"Have you completed a study similar to this study in the past several months? If so, where did you take it?&nbsp;","DataExportTag":"usage6","QuestionType":"MC","Selector":"SACOL","SubSelector":"TX","Configuration":{"QuestionDescriptionOption":"UseText","NumColumns":2},"QuestionDescription":"Have you completed a study similar to this study in the past several months? If so, where did you...","Choices":{"1":{"Display":"Yes - through Prolific"},"2":{"Display":"Yes - through Amazon MTurk"},"3":{"Display":"Yes - through another source","TextEntry":"true"},"4":{"Display":"No"},"5":{"Display":"Prefer not to answer"}},"ChoiceOrder":["2","1","3","4","5"],"Validation":{"Settings":{"ForceResponse":"ON","ForceResponseType":"ON","Type":"None"}},"Language":[],"NextChoiceId":6,"NextAnswerId":1,"QuestionID":"QID143","DataVisibility":{"Private":false,"Hidden":false}}},{"SurveyID":"SV_cSKr5voz0akZ7P8","Element":"SQ","PrimaryAttribute":"QID1","SecondaryAttribute":"Hello and thank you for your interest in our research project! The purpose of this study is to be...","TertiaryAttribute":null,"Payload":{"QuestionText":"<span style=\"font-size:22px;\">Hello and thank you for your interest in our research project!<\/span>\n<div><br>\nThe purpose of this study is to better understand individual differences in personal attitudes, opinions and behaviors.&nbsp;The survey includes different questions and scales on various topics and domains and&nbsp;should take approximately 10 minutes.&nbsp;<br>\n<br>\nBy answering the following questions, you are participating in a study being performed by cognitive scientists in the Stanford Department of Psychology. If you have questions about this research, please contact us at <a href=\"mailto:stanfordpsych251@gmail.com\">stanfordpsych251@gmail.com<\/a>. You must be at least 18 years old and reside in the U.S to participate. Your participation in this research is voluntary. You may decline to answer any or all of the following questions. You may decline further participation, at any time, without adverse consequences. Your anonymity is assured; the researchers who have requested your participation will not receive any personal information about you.<br>\n<br>\n<br>\nIf you agree to participate, please click Next.&nbsp;<\/div>","DefaultChoices":false,"DataExportTag":"Q1.1","QuestionType":"DB","Selector":"TB","Configuration":{"QuestionDescriptionOption":"UseText"},"QuestionDescription":"Hello and thank you for your interest in our research project! The purpose of this study is to be...","ChoiceOrder":[],"Validation":{"Settings":{"Type":"None"}},"GradingData":[],"Language":[],"QuestionID":"QID1","DataVisibility":{"Private":false,"Hidden":false},"NextChoiceId":1,"NextAnswerId":1,"QuestionText_Unsafe":"<span style=\"font-size:19px;\">Hello and welcome to our Research Project!<\/span><br>\n<br>\nThis survey is part of a research project we are conducting.<br><br>The purpose is to better understand individual differences in personal attitudes, opinions and behaviours.&nbsp;<div><br><\/div><div>The survey includes different questions and scales on various topics and domains.&nbsp;<br><br>The entire survey should take around 10-15 minutes.<\/div><div><br><\/div><div>The survey also includes an opportunity to gain a bonus payment, as will be explained in that part.&nbsp;<br>\n<br>\nTo be eligible, you must be 18 years old or older and reside in the U.S.<br>\n<br>\nParticipation in this research is completely voluntary, anonymous and confidential.<\/div><div>\n<br>\n<strong>If you agree to participate, please click \"next.\"<br><\/strong><\/div>"}},{"SurveyID":"SV_cSKr5voz0akZ7P8","Element":"SQ","PrimaryAttribute":"QID86","SecondaryAttribute":"How many\u00a0persons can you see in the picture? Answer as quickly as possible.","TertiaryAttribute":null,"Payload":{"QuestionText":"How many&nbsp;persons can <u><strong>you<\/strong><\/u> see in the picture? Answer as quickly as possible.","DataExportTag":"accomprehension","QuestionType":"MC","Selector":"DL","Configuration":{"QuestionDescriptionOption":"UseText","NumColumns":8},"QuestionDescription":"How many\u00a0persons can you see in the picture? Answer as quickly as possible.","Choices":{"1":{"Display":"0"},"2":{"Display":"1"},"3":{"Display":"2"},"4":{"Display":"3"},"5":{"Display":"4"},"6":{"Display":"5"},"7":{"Display":"6"},"8":{"Display":"7"},"9":{"Display":"8"},"10":{"Display":"9"},"11":{"Display":"10"},"12":{"Display":"11"},"13":{"Display":"12"},"14":{"Display":"13"},"15":{"Display":"14"},"16":{"Display":"15"},"17":{"Display":"16"},"18":{"Display":"17"},"19":{"Display":"18"},"20":{"Display":"19"},"21":{"Display":"20"},"22":{"Display":"21"},"23":{"Display":"22"},"24":{"Display":"23"},"25":{"Display":"24"},"26":{"Display":"25"},"27":{"Display":"26"},"28":{"Display":"27"},"29":{"Display":"28"},"30":{"Display":"29"},"31":{"Display":"30"},"32":{"Display":"31"},"33":{"Display":"32"},"34":{"Display":"33"},"35":{"Display":"34"},"36":{"Display":"35"},"37":{"Display":"36"},"38":{"Display":"37"},"39":{"Display":"38"},"40":{"Display":"39"},"41":{"Display":"40"}},"ChoiceOrder":["1","2","3","4","5","6","7","8","9","10","11","12","13","14","15","16","17","18","19","20","21","22","23","24","25","26","27","28","29","30","31","32","33","34","35","36","37","38","39","40","41"],"Validation":{"Settings":{"ForceResponse":"RequestResponse","ForceResponseType":"RequestResponse","Type":"None"}},"Language":[],"QuestionID":"QID86","DataVisibility":{"Private":false,"Hidden":false},"NextChoiceId":43,"NextAnswerId":1,"DefaultChoices":false,"QuestionText_Unsafe":"How many&nbsp;persons can <u><strong>you<\/strong><\/u> see in the picture? Answer as quickly as possible."}},{"SurveyID":"SV_cSKr5voz0akZ7P8","Element":"SQ","PrimaryAttribute":"QID71","SecondaryAttribute":"How much, on average, do you earn in a week using ${e:\/\/Field\/site}?","TertiaryAttribute":null,"Payload":{"QuestionText":"How much, on average, do you earn in a week using ${e:\/\/Field\/site}?","DefaultChoices":false,"DataExportTag":"usage3","QuestionType":"TE","Selector":"SL","Configuration":{"QuestionDescriptionOption":"UseText"},"QuestionDescription":"How much, on average, do you earn in a week using ${e:\/\/Field\/site}?","Validation":{"Settings":{"ForceResponse":"RequestResponse","ForceResponseType":"RequestResponse","Type":"None"}},"GradingData":[],"Language":[],"QuestionID":"QID71","DataVisibility":{"Private":false,"Hidden":false},"NextChoiceId":1,"NextAnswerId":1,"SearchSource":{"AllowFreeResponse":"false"},"QuestionText_Unsafe":"How much, on average, do you earn in a week using ${e:\/\/Field\/site}?"}},{"SurveyID":"SV_cSKr5voz0akZ7P8","Element":"SQ","PrimaryAttribute":"QID28","SecondaryAttribute":"How often do you use ${e:\/\/Field\/site}?","TertiaryAttribute":null,"Payload":{"QuestionText":"How often do you use ${e:\/\/Field\/site}?","DataExportTag":"usage1","QuestionType":"MC","Selector":"DL","Configuration":{"QuestionDescriptionOption":"UseText"},"QuestionDescription":"How often do you use ${e:\/\/Field\/site}?","Choices":{"1":{"Display":"Less than 1 hour per month"},"2":{"Display":"1-2 hours per month"},"3":{"Display":"1-2 hours per week"},"4":{"Display":"2-4 hours per week"},"5":{"Display":"4-8 hours per week"},"6":{"Display":"8-20 hours per week"},"7":{"Display":"20-40 hours per wekk"},"8":{"Display":"More than 40 hours per week"}},"ChoiceOrder":[1,2,3,4,5,6,7,8],"Validation":{"Settings":{"ForceResponse":"RequestResponse","ForceResponseType":"RequestResponse","Type":"None"}},"Language":[],"QuestionID":"QID28","DataVisibility":{"Private":false,"Hidden":false},"NextChoiceId":10,"NextAnswerId":1,"QuestionText_Unsafe":"How often do you use ${e:\/\/Field\/site}?"}},{"SurveyID":"SV_cSKr5voz0akZ7P8","Element":"SQ","PrimaryAttribute":"QID11","SecondaryAttribute":"How old are you?","TertiaryAttribute":null,"Payload":{"QuestionText":"How old are you?","DefaultChoices":false,"DataExportTag":"age","QuestionID":"QID11","QuestionType":"MC","Selector":"DL","DataVisibility":{"Private":false,"Hidden":false},"Configuration":{"QuestionDescriptionOption":"UseText"},"QuestionDescription":"How old are you?","Choices":{"1":{"Display":"10"},"2":{"Display":"11"},"3":{"Display":"12"},"4":{"Display":"13"},"5":{"Display":"14"},"6":{"Display":"15"},"7":{"Display":"16"},"8":{"Display":"17"},"9":{"Display":"18"},"10":{"Display":"19"},"11":{"Display":"20"},"12":{"Display":"21"},"13":{"Display":"22"},"14":{"Display":"23"},"15":{"Display":"24"},"16":{"Display":"25"},"17":{"Display":"26"},"18":{"Display":"27"},"19":{"Display":"28"},"20":{"Display":"29"},"21":{"Display":"30"},"22":{"Display":"31"},"23":{"Display":"32"},"24":{"Display":"33"},"25":{"Display":"34"},"26":{"Display":"35"},"27":{"Display":"36"},"28":{"Display":"37"},"29":{"Display":"38"},"30":{"Display":"39"},"31":{"Display":"40"},"32":{"Display":"41"},"33":{"Display":"42"},"34":{"Display":"43"},"35":{"Display":"44"},"36":{"Display":"45"},"37":{"Display":"46"},"38":{"Display":"47"},"39":{"Display":"48"},"40":{"Display":"49"},"41":{"Display":"50"},"42":{"Display":"51"},"43":{"Display":"52"},"44":{"Display":"53"},"45":{"Display":"54"},"46":{"Display":"55"},"47":{"Display":"56"},"48":{"Display":"57"},"49":{"Display":"58"},"50":{"Display":"59"},"51":{"Display":"60"},"52":{"Display":"61"},"53":{"Display":"62"},"54":{"Display":"63"},"55":{"Display":"64"},"56":{"Display":"65"},"57":{"Display":"66"},"58":{"Display":"67"},"59":{"Display":"68"},"60":{"Display":"69"},"61":{"Display":"70"},"62":{"Display":"71"},"63":{"Display":"72"},"64":{"Display":"73"},"65":{"Display":"74"},"66":{"Display":"75"},"67":{"Display":"76"},"68":{"Display":"77"},"69":{"Display":"78"},"70":{"Display":"79"},"71":{"Display":"80"},"72":{"Display":"81"},"73":{"Display":"82"},"74":{"Display":"83"},"75":{"Display":"84"},"76":{"Display":"85"},"77":{"Display":"86"},"78":{"Display":"87"},"79":{"Display":"88"},"80":{"Display":"89"},"81":{"Display":"90"},"82":{"Display":"91"},"83":{"Display":"92"},"84":{"Display":"93"},"85":{"Display":"94"},"86":{"Display":"95"},"87":{"Display":"96"},"88":{"Display":"97"},"89":{"Display":"98"},"90":{"Display":"99"},"91":{"Display":"100"},"92":{"Display":"101"},"93":{"Display":"102"},"94":{"Display":"103"},"95":{"Display":"104"},"96":{"Display":"105"},"97":{"Display":"106"},"98":{"Display":"107"},"99":{"Display":"108"},"100":{"Display":"109"},"101":{"Display":"110"}},"ChoiceOrder":["1","2","3","4","5","6","7","8","9","10","11","12","13","14","15","16","17","18","19","20","21","22","23","24","25","26","27","28","29","30","31","32","33","34","35","36","37","38","39","40","41","42","43","44","45","46","47","48","49","50","51","52","53","54","55","56","57","58","59","60","61","62","63","64","65","66","67","68","69","70","71","72","73","74","75","76","77","78","79","80","81","82","83","84","85","86","87","88","89","90","91","92","93","94","95","96","97","98","99","100","101"],"Validation":{"Settings":{"ForceResponse":"ON","ForceResponseType":"ON","Type":"None"}},"GradingData":[],"Language":[],"NextChoiceId":103,"NextAnswerId":1,"QuestionText_Unsafe":"How old are you?","AnalyzeChoices":{"1":"No","2":"No","3":"No","4":"No","5":"No","6":"No","7":"No","8":"No"}}},{"SurveyID":"SV_cSKr5voz0akZ7P8","Element":"SQ","PrimaryAttribute":"QID4","SecondaryAttribute":"I would prefer to live closer to my family even if it means I'd have less employment opportunities","TertiaryAttribute":null,"Payload":{"QuestionText":"I would prefer to live closer to my family even if it means I'd have less employment opportunities","DataExportTag":"ac2","QuestionType":"MC","Selector":"SAHR","SubSelector":"TX","Configuration":{"QuestionDescriptionOption":"UseText","LabelPosition":"BELOW"},"QuestionDescription":"I would prefer to live closer to my family even if it means I'd have less employment opportunities","Choices":{"1":{"Display":"1-Strongly Disagree"},"2":{"Display":"2"},"3":{"Display":"3"},"4":{"Display":"4"},"5":{"Display":"5"},"6":{"Display":"6"},"7":{"Display":"7-Strongly Agree"}},"ChoiceOrder":[1,2,3,4,5,6,7],"Validation":{"Settings":{"ForceResponse":"RequestResponse","ForceResponseType":"RequestResponse","Type":"None","CustomValidation":{"Logic":{"0":{"0":{"ChoiceLocator":"q:\/\/QID9\/SelectableChoice\/5","Description":"<span class=\"ConjDesc\">If<\/span> <span class=\"QuestionDesc\">I would prefer to live in a city with many cultural opportunities, even if the cost of living was higher.<\/span> <span class=\"LeftOpDesc\">5<\/span> Is <span class=\"OpDesc\">Selected<\/span> ","LeftOperand":"q:\/\/QID9\/SelectableChoice\/5","LogicType":"Question","Operator":"Selected","QuestionID":"QID9","QuestionIDFromLocator":"QID9","QuestionIsInLoop":"no","Type":"Expression"},"1":{"ChoiceLocator":"q:\/\/QID8\/SelectableChoice\/2","Conjuction":"And","Description":"<span class=\"ConjDesc\">And<\/span> <span class=\"QuestionDesc\">I would prefer to live in a city with many cultural opportunities, even if the cost of living was higher.<\/span> <span class=\"LeftOpDesc\">2<\/span> Is <span class=\"OpDesc\">Selected<\/span> ","LeftOperand":"q:\/\/QID8\/SelectableChoice\/2","LogicType":"Question","Operator":"Selected","QuestionID":"QID8","QuestionIDFromLocator":"QID8","QuestionIsInLoop":"no","Type":"Expression"},"Type":"If"},"Type":"BooleanExpression"},"Message":{"description":"Wrong answer","libraryID":"UR_87B72pLs30ZxsG1","messageID":"MS_79iFwAFryVzPfH7","subMessageID":"VE_CUSTOM_VALIDATION_1"}}}},"Language":[],"QuestionID":"QID4","DataVisibility":{"Private":false,"Hidden":false},"NextChoiceId":8,"NextAnswerId":1,"QuestionText_Unsafe":"I would prefer to live closer to my family even if it means I'd have less employment opportunities"}},{"SurveyID":"SV_cSKr5voz0akZ7P8","Element":"SQ","PrimaryAttribute":"QID3","SecondaryAttribute":"I would prefer to work at a job that pays higher rather than one that's closer to me and pays less","TertiaryAttribute":null,"Payload":{"QuestionText":"I would prefer to work at a job that pays higher rather than one that's closer to me and pays less","DataExportTag":"ac1","QuestionType":"MC","Selector":"SAHR","SubSelector":"TX","Configuration":{"QuestionDescriptionOption":"UseText","LabelPosition":"BELOW"},"QuestionDescription":"I would prefer to work at a job that pays higher rather than one that's closer to me and pays less","Choices":{"1":{"Display":"1-Strongly Disagree"},"2":{"Display":"2"},"3":{"Display":"3"},"4":{"Display":"4"},"5":{"Display":"5"},"6":{"Display":"6"},"7":{"Display":"7-Strongly Agree"}},"ChoiceOrder":[1,2,3,4,5,6,7],"Validation":{"Settings":{"ForceResponse":"RequestResponse","ForceResponseType":"RequestResponse","Type":"None","CustomValidation":{"Logic":{"0":{"0":{"ChoiceLocator":"q:\/\/QID3\/SelectableChoice\/2","Description":"<span class=\"ConjDesc\">If<\/span> <span class=\"QuestionDesc\">I would prefer to live in a large city rather than a small city.<\/span> <span class=\"LeftOpDesc\">2<\/span> Is <span class=\"OpDesc\">Selected<\/span> ","LeftOperand":"q:\/\/QID3\/SelectableChoice\/2","LogicType":"Question","Operator":"Selected","QuestionID":"QID3","QuestionIDFromLocator":"QID3","QuestionIsInLoop":"no","Type":"Expression"},"1":{"ChoiceLocator":"q:\/\/QID4\/SelectableChoice\/5","Conjuction":"And","Description":"<span class=\"ConjDesc\">And<\/span> <span class=\"QuestionDesc\">I would prefer to live in a city with many cultural opportunities,\neven if the cost of living was...<\/span> <span class=\"LeftOpDesc\">5<\/span> Is <span class=\"OpDesc\">Selected<\/span> ","LeftOperand":"q:\/\/QID4\/SelectableChoice\/5","LogicType":"Question","Operator":"Selected","QuestionID":"QID4","QuestionIDFromLocator":"QID4","QuestionIsInLoop":"no","Type":"Expression"},"Type":"If"},"Type":"BooleanExpression"},"Message":{"description":"Wrong answer","libraryID":"UR_87B72pLs30ZxsG1","messageID":"MS_79iFwAFryVzPfH7","subMessageID":"VE_CUSTOM_VALIDATION_1"}}}},"Language":[],"QuestionID":"QID3","DataVisibility":{"Private":false,"Hidden":false},"NextChoiceId":8,"NextAnswerId":1,"QuestionText_Unsafe":"I would prefer to work at a job that pays higher rather than one that's closer to me and pays less"}},{"SurveyID":"SV_cSKr5voz0akZ7P8","Element":"SQ","PrimaryAttribute":"QID140","SecondaryAttribute":"If you fit those criteria, would you like to be invited to that study?\u00a0 \u00a0","TertiaryAttribute":null,"Payload":{"QuestionText":"<div>If you fit those criteria, would you like to be invited to that study?&nbsp; &nbsp;<\/div>","DataExportTag":"honesty2","QuestionType":"MC","Selector":"SACOL","SubSelector":"TX","DataVisibility":{"Private":false,"Hidden":false},"Configuration":{"QuestionDescriptionOption":"UseText","NumColumns":2},"QuestionDescription":"If you fit those criteria, would you like to be invited to that study?\u00a0 \u00a0","Choices":{"1":{"Display":"Yes (I fit those criteria and want to take part)"},"2":{"Display":"No (I fit those criteria, but don't want to take part)"},"3":{"Display":"No (I don't fit those criteria)"},"4":{"Display":"Other","TextEntry":"true"}},"ChoiceOrder":["1","2","3","4"],"Validation":{"Settings":{"ForceResponse":"RequestResponse","ForceResponseType":"RequestResponse","Type":"None"}},"Language":[],"NextChoiceId":5,"NextAnswerId":1,"QuestionID":"QID140","QuestionText_Unsafe":"<div>If you fit those criteria, would you like to be invited to that study?&nbsp; &nbsp;<\/div>","DisplayLogic":{"0":{"0":{"ChoiceLocator":"q:\/\/QID137\/DisplayableQuestion\/1","Description":"<span class=\"ConjDesc\">If<\/span> <span class=\"QuestionDesc\">One last thing before you go!&amp;nbsp;\n\nWe are planning another study and we're looking for specific people to take part in it.&amp;nbsp;\n\n&amp;nbsp;\n\nBecause we're looking for people with specific characteri...<\/span> <span class=\"LeftOpDesc\"><\/span> <span class=\"OpDesc\">Is Displayed<\/span> ","LeftOperand":"q:\/\/QID137\/QuestionDisplayed","LogicType":"Question","Operator":"Displayed","QuestionID":"QID137","QuestionIDFromLocator":"QID137","QuestionIsInLoop":"no","Type":"Expression"},"1":{"ChoiceLocator":"q:\/\/QID141\/DisplayableQuestion\/1","Conjuction":"Or","Description":"<span class=\"ConjDesc\">Or<\/span> <span class=\"QuestionDesc\">One last thing before you go!&amp;nbsp;\n&amp;nbsp;\nWe are planning another study and we're looking for specific people to take part in it.&amp;nbsp;\n&amp;nbsp;\nBecause we're looking for people with specific charac...<\/span> <span class=\"LeftOpDesc\"><\/span> <span class=\"OpDesc\">Is Displayed<\/span> ","LeftOperand":"q:\/\/QID141\/QuestionDisplayed","LogicType":"Question","Operator":"Displayed","QuestionID":"QID141","QuestionIDFromLocator":"QID141","QuestionIsInLoop":"no","Type":"Expression"},"Type":"If"},"Type":"BooleanExpression","inPage":false},"RecodeValues":{"1":"0","2":"0","3":"1","4":"2"}}},{"SurveyID":"SV_cSKr5voz0akZ7P8","Element":"SQ","PrimaryAttribute":"QID110","SecondaryAttribute":"If you have any last comments\/questions, you may enter them below before clicking next and receiv...","TertiaryAttribute":null,"Payload":{"QuestionText":"If you have any last comments\/questions, you may enter them below before clicking next and receiving your completion code.","DefaultChoices":false,"DataExportTag":"comments","QuestionType":"TE","Selector":"ML","Configuration":{"QuestionDescriptionOption":"UseText"},"QuestionDescription":"If you have any last comments\/questions, you may enter them below before clicking next and receiv...","Validation":{"Settings":{"ForceResponse":"OFF","ForceResponseType":"ON","Type":"None"}},"GradingData":[],"Language":[],"QuestionID":"QID110","DataVisibility":{"Private":false,"Hidden":false},"NextChoiceId":1,"NextAnswerId":1,"SearchSource":{"AllowFreeResponse":"false"},"QuestionText_Unsafe":"If you have any last comment\/questions, you may enter them below."}},{"SurveyID":"SV_cSKr5voz0akZ7P8","Element":"SQ","PrimaryAttribute":"QID32","SecondaryAttribute":"In which country do you currently live?","TertiaryAttribute":null,"Payload":{"QuestionText":"In which country do you currently live?","DefaultChoices":false,"DataExportTag":"country","QuestionID":"QID32","QuestionType":"MC","Selector":"DL","DataVisibility":{"Private":false,"Hidden":false},"Configuration":{"QuestionDescriptionOption":"UseText"},"QuestionDescription":"In which country do you currently live?","Choices":{"1":{"Display":"Afghanistan"},"4":{"Display":"Albania"},"5":{"Display":"Algeria"},"6":{"Display":"Andorra"},"7":{"Display":"Angola"},"8":{"Display":"Antigua & Deps"},"9":{"Display":"Argentina"},"10":{"Display":"Armenia"},"11":{"Display":"Australia"},"12":{"Display":"Austria"},"13":{"Display":"Azerbaijan"},"14":{"Display":"Bahamas"},"15":{"Display":"Bahrain"},"16":{"Display":"Bangladesh"},"17":{"Display":"Barbados"},"18":{"Display":"Belarus"},"19":{"Display":"Belgium"},"20":{"Display":"Belize"},"21":{"Display":"Benin"},"22":{"Display":"Bhutan"},"23":{"Display":"Bolivia"},"24":{"Display":"Bosnia Herzegovina"},"25":{"Display":"Botswana"},"26":{"Display":"Brazil"},"27":{"Display":"Brunei"},"28":{"Display":"Bulgaria"},"29":{"Display":"Burkina"},"30":{"Display":"Burundi"},"31":{"Display":"Cambodia"},"32":{"Display":"Cameroon"},"33":{"Display":"Canada"},"34":{"Display":"Cape Verde"},"35":{"Display":"Central African Rep"},"36":{"Display":"Chad"},"37":{"Display":"Chile"},"38":{"Display":"China"},"39":{"Display":"Colombia"},"40":{"Display":"Comoros"},"41":{"Display":"Congo"},"42":{"Display":"Congo {Democratic Rep}"},"43":{"Display":"Costa Rica"},"44":{"Display":"Croatia"},"45":{"Display":"Cuba"},"46":{"Display":"Cyprus"},"47":{"Display":"Czech Republic"},"48":{"Display":"Denmark"},"49":{"Display":"Djibouti"},"50":{"Display":"Dominica"},"51":{"Display":"Dominican Republic"},"52":{"Display":"East Timor"},"53":{"Display":"Ecuador"},"54":{"Display":"Egypt"},"55":{"Display":"El Salvador"},"56":{"Display":"Equatorial Guinea"},"57":{"Display":"Eritrea"},"58":{"Display":"Estonia"},"59":{"Display":"Ethiopia"},"60":{"Display":"Fiji"},"61":{"Display":"Finland"},"62":{"Display":"France"},"63":{"Display":"Gabon"},"64":{"Display":"Gambia"},"65":{"Display":"Georgia"},"66":{"Display":"Germany"},"67":{"Display":"Ghana"},"68":{"Display":"Greece"},"69":{"Display":"Grenada"},"70":{"Display":"Guatemala"},"71":{"Display":"Guinea"},"72":{"Display":"Guinea-Bissau"},"73":{"Display":"Guyana"},"74":{"Display":"Haiti"},"75":{"Display":"Honduras"},"76":{"Display":"Hungary"},"77":{"Display":"Iceland"},"78":{"Display":"India"},"79":{"Display":"Indonesia"},"80":{"Display":"Iran"},"81":{"Display":"Iraq"},"82":{"Display":"Ireland {Republic}"},"83":{"Display":"Israel"},"84":{"Display":"Italy"},"85":{"Display":"Ivory Coast"},"86":{"Display":"Jamaica"},"87":{"Display":"Japan"},"88":{"Display":"Jordan"},"89":{"Display":"Kazakhstan"},"90":{"Display":"Kenya"},"91":{"Display":"Kiribati"},"92":{"Display":"Korea North"},"93":{"Display":"Korea South"},"94":{"Display":"Kosovo"},"95":{"Display":"Kuwait"},"96":{"Display":"Kyrgyzstan"},"97":{"Display":"Laos"},"98":{"Display":"Latvia"},"99":{"Display":"Lebanon"},"100":{"Display":"Lesotho"},"101":{"Display":"Liberia"},"102":{"Display":"Libya"},"103":{"Display":"Liechtenstein"},"104":{"Display":"Lithuania"},"105":{"Display":"Luxembourg"},"106":{"Display":"Macedonia"},"107":{"Display":"Madagascar"},"108":{"Display":"Malawi"},"109":{"Display":"Malaysia"},"110":{"Display":"Maldives"},"111":{"Display":"Mali"},"112":{"Display":"Malta"},"113":{"Display":"Marshall Islands"},"114":{"Display":"Mauritania"},"115":{"Display":"Mauritius"},"116":{"Display":"Mexico"},"117":{"Display":"Micronesia"},"118":{"Display":"Moldova"},"119":{"Display":"Monaco"},"120":{"Display":"Mongolia"},"121":{"Display":"Montenegro"},"122":{"Display":"Morocco"},"123":{"Display":"Mozambique"},"124":{"Display":"Myanmar, {Burma}"},"125":{"Display":"Namibia"},"126":{"Display":"Nauru"},"127":{"Display":"Nepal"},"128":{"Display":"Netherlands"},"129":{"Display":"New Zealand"},"130":{"Display":"Nicaragua"},"131":{"Display":"Niger"},"132":{"Display":"Nigeria"},"133":{"Display":"Norway"},"134":{"Display":"Oman"},"135":{"Display":"Pakistan"},"136":{"Display":"Palau"},"137":{"Display":"Panama"},"138":{"Display":"Papua New Guinea"},"139":{"Display":"Paraguay"},"140":{"Display":"Peru"},"141":{"Display":"Philippines"},"142":{"Display":"Poland"},"143":{"Display":"Portugal"},"144":{"Display":"Qatar"},"145":{"Display":"Romania"},"146":{"Display":"Russian Federation"},"147":{"Display":"Rwanda"},"148":{"Display":"St Kitts & Nevis"},"149":{"Display":"St Lucia"},"150":{"Display":"Saint Vincent & the Grenadines"},"151":{"Display":"Samoa"},"152":{"Display":"San Marino"},"153":{"Display":"Sao Tome & Principe"},"154":{"Display":"Saudi Arabia"},"155":{"Display":"Senegal"},"156":{"Display":"Serbia"},"157":{"Display":"Seychelles"},"158":{"Display":"Sierra Leone"},"159":{"Display":"Singapore"},"160":{"Display":"Slovakia"},"161":{"Display":"Slovenia"},"162":{"Display":"Solomon Islands"},"163":{"Display":"Somalia"},"164":{"Display":"South Africa"},"165":{"Display":"South Sudan"},"166":{"Display":"Spain"},"167":{"Display":"Sri Lanka"},"168":{"Display":"Sudan"},"169":{"Display":"Suriname"},"170":{"Display":"Swaziland"},"171":{"Display":"Sweden"},"172":{"Display":"Switzerland"},"173":{"Display":"Syria"},"174":{"Display":"Taiwan"},"175":{"Display":"Tajikistan"},"176":{"Display":"Tanzania"},"177":{"Display":"Thailand"},"178":{"Display":"Togo"},"179":{"Display":"Tonga"},"180":{"Display":"Trinidad & Tobago"},"181":{"Display":"Tunisia"},"182":{"Display":"Turkey"},"183":{"Display":"Turkmenistan"},"184":{"Display":"Tuvalu"},"185":{"Display":"Uganda"},"186":{"Display":"Ukraine"},"187":{"Display":"United Arab Emirates"},"188":{"Display":"United Kingdom"},"189":{"Display":"United States"},"190":{"Display":"Uruguay"},"191":{"Display":"Uzbekistan"},"192":{"Display":"Vanuatu"},"193":{"Display":"Vatican City"},"194":{"Display":"Venezuela"},"195":{"Display":"Vietnam"},"196":{"Display":"Yemen"},"197":{"Display":"Zambia"},"198":{"Display":"Zimbabwe"}},"ChoiceOrder":["1","4","5","6","7","8","9","10","11","12","13","14","15","16","17","18","19","20","21","22","23","24","25","26","27","28","29","30","31","32","33","34","35","36","37","38","39","40","41","42","43","44","45","46","47","48","49","50","51","52","53","54","55","56","57","58","59","60","61","62","63","64","65","66","67","68","69","70","71","72","73","74","75","76","77","78","79","80","81","82","83","84","85","86","87","88","89","90","91","92","93","94","95","96","97","98","99","100","101","102","103","104","105","106","107","108","109","110","111","112","113","114","115","116","117","118","119","120","121","122","123","124","125","126","127","128","129","130","131","132","133","134","135","136","137","138","139","140","141","142","143","144","145","146","147","148","149","150","151","152","153","154","155","156","157","158","159","160","161","162","163","164","165","166","167","168","169","170","171","172","173","174","175","176","177","178","179","180","181","182","183","184","185","186","187","188","189","190","191","192","193","194","195","196","197","198"],"Validation":{"Settings":{"ForceResponse":"ON","ForceResponseType":"ON","Type":"None"}},"GradingData":[],"Language":[],"NextChoiceId":199,"NextAnswerId":1,"QuestionText_Unsafe":"In which country do you currently live?"}},{"SurveyID":"SV_cSKr5voz0akZ7P8","Element":"SQ","PrimaryAttribute":"QID131","SecondaryAttribute":"Instructions for the next task - please read carefully You will be asked to solve multiple short...","TertiaryAttribute":null,"Payload":{"QuestionText":"<p><span style=\"font-size:19px;\">Instructions for the next task - please read carefully<\/span><br \/>\n<br \/>\nYou will be asked to solve multiple short problems involving simple calculations.<br \/>\nSpecifically, your task will be to look at a table that consists of several numbers and to find the two numbers that, when added up, result in exactly 10.<br \/>\n&nbsp;<\/p>\n\n<table border=\"4\" cellpadding=\"1\" cellspacing=\"1\" style=\"height:200px;width:500px;\">\n\t<tbody>\n\t\t<tr>\n\t\t\t<td style=\"text-align: center;\"><strong><span style=\"font-size:16px;\"><span dir=\"LTR\">1.69<\/span><\/span><\/strong><\/td>\n\t\t\t<td style=\"text-align: center;\"><strong><span style=\"font-size:16px;\"><span dir=\"LTR\">1.82<\/span><\/span><\/strong><\/td>\n\t\t\t<td style=\"text-align: center;\"><strong><span style=\"font-size:16px;\"><span dir=\"LTR\">2.91<\/span><\/span><\/strong><\/td>\n\t\t<\/tr>\n\t\t<tr>\n\t\t\t<td style=\"text-align: center;\"><strong><span style=\"font-size:16px;\"><span dir=\"LTR\">4.67<\/span><\/span><\/strong><\/td>\n\t\t\t<td style=\"text-align: center;\"><strong><span style=\"font-size:16px;\"><span dir=\"LTR\">4.81<\/span><\/span><\/strong><\/td>\n\t\t\t<td style=\"text-align: center;\"><strong><span style=\"font-size:16px;\"><span dir=\"LTR\">3.05<\/span><\/span><\/strong><\/td>\n\t\t<\/tr>\n\t\t<tr>\n\t\t\t<td style=\"text-align: center;\"><strong><span style=\"font-size:16px;\"><span dir=\"LTR\">5.82<\/span><\/span><\/strong><\/td>\n\t\t\t<td style=\"text-align: center;\"><strong><span style=\"font-size:16px;\"><span dir=\"LTR\">5.06<\/span><\/span><\/strong><\/td>\n\t\t\t<td style=\"text-align: center;\"><strong><span style=\"font-size:16px;\"><span dir=\"LTR\">4.28<\/span><\/span><\/strong><\/td>\n\t\t<\/tr>\n\t\t<tr>\n\t\t\t<td style=\"text-align: center;\"><strong><span style=\"font-size:16px;\"><span dir=\"LTR\">6.36<\/span><\/span><\/strong><\/td>\n\t\t\t<td style=\"text-align: center;\"><strong><span style=\"font-size:16px;\"><span dir=\"LTR\">5.19<\/span><\/span><\/strong><\/td>\n\t\t\t<td style=\"text-align: center;\"><strong><span style=\"font-size:16px;\"><span dir=\"LTR\">4.57<\/span><\/span><\/strong><\/td>\n\t\t<\/tr>\n\t<\/tbody>\n<\/table>\n\n<div>\n<p dir=\"ltr\"><br \/>\nFor example, in the above table, the numbers 4.81 and 5.19 are the only ones that add up to exactly 10.<br \/>\nIn each problem, there are two numbers that add up to exactly 10.&nbsp;Your task&nbsp;is to find, in less than 20 seconds, the two numbers that add up to exactly 10.&nbsp;<br \/>\n<br \/>\nYou will be asked to solve several such problems one after the other. <strong>For each problem you report as solved you will earn 0.1${e:\/\/Field\/sign} in bonus.&nbsp;<\/strong><br \/>\n<br \/>\nTo make sure you understand the instructions, please summarize them briefly in your own words:<\/p>\n\n<div>&nbsp;<\/div>\n<\/div>","DefaultChoices":false,"DataExportTag":"comprehension2","QuestionType":"TE","Selector":"ML","DataVisibility":{"Private":false,"Hidden":false},"Configuration":{"QuestionDescriptionOption":"UseText","InputWidth":612,"InputHeight":104},"QuestionDescription":"Instructions for the next task - please read carefully You will be asked to solve multiple short...","Validation":{"Settings":{"ForceResponse":"RequestResponse","ForceResponseType":"RequestResponse","Type":"None","MinChars":"50"}},"GradingData":[],"Language":[],"NextChoiceId":4,"NextAnswerId":1,"SearchSource":{"AllowFreeResponse":"false"},"QuestionID":"QID131","QuestionText_Unsafe":"<p><span style=\"font-size:19px;\">Instructions for the next task - please read carefully<\/span><br>\n<br>\nYou will be asked to solve multiple short problems involving simple calculations.<br>\nSpecifically, your task will be to look at a table that consists of several numbers and to find the two numbers that, when added up, result in exactly 10.<br>\n&nbsp;<\/p>\n\n<table border=\"4\" cellpadding=\"1\" cellspacing=\"1\" style=\"height:200px;width:500px;\">\n\t<tbody>\n\t\t<tr>\n\t\t\t<td style=\"text-align: center;\"><strong><span style=\"font-size:16px;\"><span dir=\"LTR\">1.69<\/span><\/span><\/strong><\/td>\n\t\t\t<td style=\"text-align: center;\"><strong><span style=\"font-size:16px;\"><span dir=\"LTR\">1.82<\/span><\/span><\/strong><\/td>\n\t\t\t<td style=\"text-align: center;\"><strong><span style=\"font-size:16px;\"><span dir=\"LTR\">2.91<\/span><\/span><\/strong><\/td>\n\t\t<\/tr>\n\t\t<tr>\n\t\t\t<td style=\"text-align: center;\"><strong><span style=\"font-size:16px;\"><span dir=\"LTR\">4.67<\/span><\/span><\/strong><\/td>\n\t\t\t<td style=\"text-align: center;\"><strong><span style=\"font-size:16px;\"><span dir=\"LTR\">4.81<\/span><\/span><\/strong><\/td>\n\t\t\t<td style=\"text-align: center;\"><strong><span style=\"font-size:16px;\"><span dir=\"LTR\">3.05<\/span><\/span><\/strong><\/td>\n\t\t<\/tr>\n\t\t<tr>\n\t\t\t<td style=\"text-align: center;\"><strong><span style=\"font-size:16px;\"><span dir=\"LTR\">5.82<\/span><\/span><\/strong><\/td>\n\t\t\t<td style=\"text-align: center;\"><strong><span style=\"font-size:16px;\"><span dir=\"LTR\">5.06<\/span><\/span><\/strong><\/td>\n\t\t\t<td style=\"text-align: center;\"><strong><span style=\"font-size:16px;\"><span dir=\"LTR\">4.28<\/span><\/span><\/strong><\/td>\n\t\t<\/tr>\n\t\t<tr>\n\t\t\t<td style=\"text-align: center;\"><strong><span style=\"font-size:16px;\"><span dir=\"LTR\">6.36<\/span><\/span><\/strong><\/td>\n\t\t\t<td style=\"text-align: center;\"><strong><span style=\"font-size:16px;\"><span dir=\"LTR\">5.19<\/span><\/span><\/strong><\/td>\n\t\t\t<td style=\"text-align: center;\"><strong><span style=\"font-size:16px;\"><span dir=\"LTR\">4.57<\/span><\/span><\/strong><\/td>\n\t\t<\/tr>\n\t<\/tbody>\n<\/table>\n\n<div>\n<p dir=\"ltr\"><br>\nFor example, in the above table, the numbers 4.81 and 5.19 are the only ones that add up to exactly 10.<br>\nIn each problem, there are two numbers that add up to exactly 10.&nbsp;Your task&nbsp;is to find, in less than 20 seconds, the two numbers that add up to exactly 10.&nbsp;<br>\nYou will be asked to solve several such problems one after the other. For each problem you report as solved you will earn 0.1 GBP in bonus.&nbsp;<br>\n<br>\nTo make sure you understand the instructions, please summarize them briefly in your own words:<\/p>\n\n<div>&nbsp;<\/div>\n<\/div>"}},{"SurveyID":"SV_cSKr5voz0akZ7P8","Element":"SQ","PrimaryAttribute":"QID9","SecondaryAttribute":"It would be helpful to our research to better understand our participants' demographics. Please a...","TertiaryAttribute":null,"Payload":{"QuestionText":"<p>It would be helpful to our research to better understand our participants&#39; demographics.<br \/>\nPlease answer these questions as truthfully as possible.<\/p>","DefaultChoices":false,"DataExportTag":"demointro","QuestionType":"DB","Selector":"TB","Configuration":{"QuestionDescriptionOption":"UseText"},"QuestionDescription":"It would be helpful to our research to better understand our participants' demographics. Please a...","ChoiceOrder":[],"Validation":{"Settings":{"Type":"None"}},"GradingData":[],"Language":[],"QuestionID":"QID9","QuestionText_Unsafe":"<span style=\"font-size:19px;\">Demographics<\/span><br>\n<br>it would be helpful to our research to better understand our participants' demographics. <br>Please answer these questions as truthfully as possible.","DataVisibility":{"Private":false,"Hidden":false},"NextChoiceId":1,"NextAnswerId":1}},{"SurveyID":"SV_cSKr5voz0akZ7P8","Element":"SQ","PrimaryAttribute":"QID7","SecondaryAttribute":"NFC","TertiaryAttribute":null,"Payload":{"QuestionText":"For each of the statements below, please indicate to what extent the\nstatement is characteristic of you by indicating how much you agree or disagree with each of them.","DefaultChoices":false,"DataExportTag":"nfc","QuestionType":"Matrix","Selector":"Likert","SubSelector":"SingleAnswer","Configuration":{"QuestionDescriptionOption":"SpecifyLabel","TextPosition":"inline","ChoiceColumnWidthPixels":335,"RepeatHeaders":"both","MobileFirst":true,"WhiteSpace":"OFF"},"QuestionDescription":"NFC","Choices":{"1":{"Display":"I would prefer complex to simple problems."},"2":{"Display":"I like to have the responsibility of handling a situation that requires a lot of thinking."},"3":{"Display":"Thinking is not my idea of fun"},"4":{"Display":"I would rather do something that requires little thought than something that is sure to challenge my thinking abilities"},"5":{"Display":"I try to anticipate and avoid situations where there is a likely chance I will have to think in depth about something."},"6":{"Display":"I find satisfaction in deliberating hard and for long hours."},"7":{"Display":"I only think as hard as I have to"},"8":{"Display":"I prefer to think about small, daily projects to long-term ones"},"9":{"Display":"I like tasks that require little thought once I've learned them"},"10":{"Display":"The idea of relying on thought to make my way to the top appeals to me."},"11":{"Display":"I really enjoy a task that involves coming up with new solutions to problems."},"12":{"Display":"Learning new ways to think doesn't excite me very much"},"13":{"Display":"I prefer my life to be filled with puzzles that I must solve."},"14":{"Display":"The notion of thinking abstractly is appealing to me."},"15":{"Display":"I would prefer a task that is intellectual, difficult, and important to one that is somewhat important but does not require much thought."},"16":{"Display":"I feel relief rather than satisfaction after completing a task that required a lot of mental effort"},"17":{"Display":"It's enough for me that something gets the job done; I don't care how or why it works"},"18":{"Display":"I usually end up deliberating about issues even when they do not affect me personally."},"19":{"Display":"I currently don't pay attention to the questions I'm being asked in the survey"}},"ChoiceOrder":[1,2,3,4,5,6,7,8,9,10,11,"19",12,13,14,15,16,17,18],"Validation":{"Settings":{"ForceResponse":"RequestResponse","ForceResponseType":"RequestResponse","Type":"None"}},"GradingData":[],"Language":[],"Answers":{"1":{"Display":"Strongly Disagree"},"2":{"Display":"Disagree"},"3":{"Display":"Neither"},"4":{"Display":"Agree"},"5":{"Display":"Strongly Agree"}},"AnswerOrder":[1,2,3,4,5],"ChoiceDataExportTags":{"1":"nfc1","2":"nfc2","3":"nfc3","4":"nfc4","5":"nfc5","6":"nfc6","7":"nfc7","8":"nfc8","9":"nfc9","10":"nfc10","11":"nfc11","12":"nfc12","13":"nfc13","14":"nfc14","15":"nfc15","16":"nfc16","17":"nfc17","18":"nfc18","19":"ac3"},"QuestionID":"QID7","DataVisibility":{"Private":false,"Hidden":false},"NextChoiceId":27,"NextAnswerId":6,"RecodeValues":{"1":"1","2":"2","3":"3","4":"4","5":"5"},"QuestionText_Unsafe":"For each of the statements below, please indicate to what extent the\nstatement is characteristic of you by indicating how much you agree or disagree with each of them.","VariableNaming":{"1":"Strongly Disagree","2":"Disagree","3":"Neither","4":"Agree","5":"Strongly Agree"}}},{"SurveyID":"SV_cSKr5voz0akZ7P8","Element":"SQ","PrimaryAttribute":"QID137","SecondaryAttribute":"One last thing before you go! \u00a0 We are planning another study and we're looking for specific peop..","TertiaryAttribute":null,"Payload":{"QuestionText":"<strong>One last thing before you go!<\/strong><div>&nbsp;<\/div>\n\n<div>We are planning another study and we're looking for specific people to take part in it.&nbsp;<\/div>\n\n<div>&nbsp;<\/div>\n\n<div>Because we're looking for people with specific characteristics, we'll be offering a considerably higher pay for a relatively short study (the effective rate may be around $15 an hour).&nbsp;<\/div>\n\n<div>&nbsp;<\/div>\n\n<div>The type of people we are currently looking for should be 1)&nbsp;Male and 2) between the ages of&nbsp;$e{ q:\/\/QID11\/ChoiceGroup\/SelectedChoices + 5 } to $e{ q:\/\/QID11\/ChoiceGroup\/SelectedChoices + 14 }.<\/div><div><br><\/div><div><br><\/div><div><br><\/div>","DefaultChoices":false,"DataExportTag":"honestynonfemale","QuestionID":"QID137","QuestionType":"DB","Selector":"TB","DataVisibility":{"Private":false,"Hidden":false},"Configuration":{"QuestionDescriptionOption":"UseText"},"QuestionDescription":"One last thing before you go! \u00a0 We are planning another study and we're looking for specific peop...","ChoiceOrder":[],"Validation":{"Settings":{"Type":"None"}},"GradingData":[],"Language":[],"NextChoiceId":5,"NextAnswerId":1,"DisplayLogic":{"0":{"0":{"ChoiceLocator":"q:\/\/QID10\/SelectableChoice\/1","Description":"<span class=\"ConjDesc\">If<\/span> <span class=\"QuestionDesc\">What is your gender?<\/span> <span class=\"LeftOpDesc\">Male<\/span> <span class=\"OpDesc\">Is Selected<\/span> ","LeftOperand":"q:\/\/QID10\/SelectableChoice\/1","LogicType":"Question","Operator":"Selected","QuestionID":"QID10","QuestionIDFromLocator":"QID10","QuestionIsInLoop":"no","Type":"Expression"},"1":{"ChoiceLocator":"q:\/\/QID10\/SelectableChoice\/3","Conjuction":"Or","Description":"<span class=\"ConjDesc\">Or<\/span> <span class=\"QuestionDesc\">What is your gender?<\/span> <span class=\"LeftOpDesc\">Other<\/span> <span class=\"OpDesc\">Is Selected<\/span> ","LeftOperand":"q:\/\/QID10\/SelectableChoice\/3","LogicType":"Question","Operator":"Selected","QuestionID":"QID10","QuestionIDFromLocator":"QID10","QuestionIsInLoop":"no","Type":"Expression"},"Type":"If"},"Type":"BooleanExpression","inPage":false},"QuestionText_Unsafe":"<strong>One last thing before you go!&nbsp;<\/strong><div><strong><br><\/strong><\/div><div>We are planning another study and we're looking for specific people to take part in it.&nbsp;<\/div><div><br><\/div><div>Because we're looking for people with specific characteristics, we'll be offering a considerably higher pay for a relatively short study (the effective rate may be around $15 an hour).&nbsp;<\/div><div><br><\/div><div>The type of people we are currently looking for should be 1)&nbsp;Male and 2) between the ages of $e{q:\/\/QID11\/SelectedChoicesRecode + 4} to $e{q:\/\/QID11\/SelectedChoicesRecode + 12}.&nbsp;<\/div>"}},{"SurveyID":"SV_cSKr5voz0akZ7P8","Element":"SQ","PrimaryAttribute":"QID141","SecondaryAttribute":"One last thing before you go!\u00a0 \u00a0 We are planning another study and we're looking for specific peo.","TertiaryAttribute":null,"Payload":{"QuestionText":"<strong>One last thing before you go!&nbsp;<\/strong><br>\n&nbsp;<br>\nWe are planning another study and we're looking for specific people to take part in it.&nbsp;<br>\n&nbsp;<br>\nBecause we're looking for people with specific characteristics, we'll be offering a considerably higher pay for a relatively short study (the effective rate may be around $15 an hour).&nbsp;<br>\n&nbsp;<br>\nThe type of people we are currently looking for should be 1) Female and 2) between the ages of&nbsp;$e{ q:\/\/QID11\/ChoiceGroup\/SelectedChoices + 5 } to $e{ q:\/\/QID11\/ChoiceGroup\/SelectedChoices + 14 }.","DefaultChoices":false,"DataExportTag":"honestynonmale","QuestionType":"DB","Selector":"TB","DataVisibility":{"Private":false,"Hidden":false},"Configuration":{"QuestionDescriptionOption":"UseText"},"QuestionDescription":"One last thing before you go!\u00a0 \u00a0 We are planning another study and we're looking for specific peo...","ChoiceOrder":[],"Validation":{"Settings":{"Type":"None"}},"GradingData":[],"Language":[],"NextChoiceId":5,"NextAnswerId":1,"QuestionID":"QID141","DisplayLogic":{"0":{"0":{"ChoiceLocator":"q:\/\/QID10\/SelectableChoice\/2","Description":"<span class=\"ConjDesc\">If<\/span> <span class=\"QuestionDesc\">What is your gender?<\/span> <span class=\"LeftOpDesc\">Female<\/span> <span class=\"OpDesc\">Is Selected<\/span> ","LeftOperand":"q:\/\/QID10\/SelectableChoice\/2","LogicType":"Question","Operator":"Selected","QuestionID":"QID10","QuestionIDFromLocator":"QID10","QuestionIsInLoop":"no","Type":"Expression"},"1":{"ChoiceLocator":"q:\/\/QID10\/SelectableChoice\/3","Conjuction":"Or","Description":"<span class=\"ConjDesc\">Or<\/span> <span class=\"QuestionDesc\">What is your gender?<\/span> <span class=\"LeftOpDesc\">Other<\/span> <span class=\"OpDesc\">Is Selected<\/span> ","LeftOperand":"q:\/\/QID10\/SelectableChoice\/3","LogicType":"Question","Operator":"Selected","QuestionID":"QID10","QuestionIDFromLocator":"QID10","QuestionIsInLoop":"no","Type":"Expression"},"Type":"If"},"Type":"BooleanExpression","inPage":false},"QuestionText_Unsafe":"<strong>One last thing before you go!&nbsp;<\/strong><div><strong><br><\/strong><\/div><div>We are planning another study and we're looking for specific people to take part in it.&nbsp;<\/div><div><br><\/div><div>Because we're looking for people with specific characteristics, we'll be offering a considerably higher pay for a relatively short study (the effective rate may be around $15 an hour).&nbsp;<\/div><div><br><\/div><div>The type of people we are currently looking for should be 1)&nbsp;Female and 2) between the ages of $e{q:\/\/QID11\/SelectedChoicesRecode + 4} to $e{q:\/\/QID11\/SelectedChoicesRecode + 12}.&nbsp;<\/div>"}},{"SurveyID":"SV_cSKr5voz0akZ7P8","Element":"SQ","PrimaryAttribute":"QID146","SecondaryAttribute":"One last thing before you go!\u00a0 \u00a0 We are planning another study and we're looking for specific peo.","TertiaryAttribute":null,"Payload":{"QuestionText":"<strong>One last thing before you go!&nbsp;<\/strong>\n<div>&nbsp;<\/div>\n\n<div>We are planning another study and we're looking for specific people to take part in it.&nbsp;<\/div>\n\n<div>&nbsp;<\/div>\n\n<div>Because we're looking for people with specific characteristics, we'll be offering a considerably higher pay for a relatively short study (the effective rate may be around $15 an hour).&nbsp;<\/div>\n\n<div>&nbsp;<\/div>\n\n<div>The type of people we are currently looking for ${q:\/\/QID11\/SelectedChoicesRecode} should be 1)&nbsp;Male and 2) between the ages of&nbsp; $e{q:\/\/QIDage\/SelectedChoicesRecode + 5} to $e{q:\/\/QIDage\/SelectedChoicesRecode + 14}.&nbsp; &nbsp;<\/div>","DefaultChoices":false,"DataExportTag":"test","QuestionType":"DB","Selector":"TB","DataVisibility":{"Private":false,"Hidden":false},"Configuration":{"QuestionDescriptionOption":"UseText"},"QuestionDescription":"One last thing before you go!\u00a0 \u00a0 We are planning another study and we're looking for specific peo...","DisplayLogic":{"0":{"0":{"ChoiceLocator":"q:\/\/QID10\/SelectableChoice\/1","Description":"<span class=\"ConjDesc\">If<\/span> <span class=\"QuestionDesc\">What is your gender?<\/span> <span class=\"LeftOpDesc\">Male<\/span> <span class=\"OpDesc\">Is Selected<\/span> ","LeftOperand":"q:\/\/QID10\/SelectableChoice\/1","LogicType":"Question","Operator":"Selected","QuestionID":"QID10","QuestionIDFromLocator":"QID10","QuestionIsInLoop":"no","Type":"Expression"},"1":{"ChoiceLocator":"q:\/\/QID10\/SelectableChoice\/3","Conjuction":"Or","Description":"<span class=\"ConjDesc\">Or<\/span> <span class=\"QuestionDesc\">What is your gender?<\/span> <span class=\"LeftOpDesc\">Other<\/span> <span class=\"OpDesc\">Is Selected<\/span> ","LeftOperand":"q:\/\/QID10\/SelectableChoice\/3","LogicType":"Question","Operator":"Selected","QuestionID":"QID10","QuestionIDFromLocator":"QID10","QuestionIsInLoop":"no","Type":"Expression"},"Type":"If"},"Type":"BooleanExpression","inPage":false},"ChoiceOrder":[],"Validation":{"Settings":{"Type":"None"}},"GradingData":[],"Language":[],"NextChoiceId":5,"NextAnswerId":1,"QuestionID":"QID146"}},{"SurveyID":"SV_cSKr5voz0akZ7P8","Element":"SG","PrimaryAttribute":"SGRP_73OZGCnN7ybXKiG","SecondaryAttribute":"RP_73OZGCnN7ybXKiG","TertiaryAttribute":"RP_73OZGCnN7ybXKiG","Payload":{"0":[{"LogicType":"EmbeddedField","LeftOperand":"site","ChoiceLocator":"site","RightOperand":"cbdr","Operator":"EqualTo","Type":"Expression","Description":"Embedded Data - site, <b>Is<\/b> Equal to  <b>cbdr<\/b>"}],"Type":"BooleanExpression","Name":"RP_73OZGCnN7ybXKiG","LogicID":"SGRP_73OZGCnN7ybXKiG"}},{"SurveyID":"SV_cSKr5voz0akZ7P8","Element":"SQ","PrimaryAttribute":"QID142","SecondaryAttribute":"Thank you for completing the tasks. Please answer the following last questions for research purpo...","TertiaryAttribute":null,"Payload":{"QuestionText":"Thank you for completing the tasks. Please answer the following last questions for research purposes.&nbsp;","DefaultChoices":false,"DataExportTag":"usageintro","QuestionType":"DB","Selector":"TB","Configuration":{"QuestionDescriptionOption":"UseText"},"QuestionDescription":"Thank you for completing the tasks. Please answer the following last questions for research purpo...","ChoiceOrder":[],"Validation":{"Settings":{"Type":"None"}},"GradingData":[],"Language":[],"NextChoiceId":4,"NextAnswerId":1,"QuestionID":"QID142","DataVisibility":{"Private":false,"Hidden":false}}},{"SurveyID":"SV_cSKr5voz0akZ7P8","Element":"SQ","PrimaryAttribute":"QID122","SecondaryAttribute":"Thank you very much for completing our study! \u00a0 The purpose of this study was to better understan..","TertiaryAttribute":null,"Payload":{"QuestionText":"<div><b>Thank you very much for completing our study!<\/b><\/div>\n\n<div>&nbsp;<\/div>\n\n<div>The purpose of this study was to better understand individual differences in personal attitudes, opinions and behaviors. Please do not share the content of this survey with other potential participants.<\/div>\n\n<div>&nbsp;<\/div>\nTo finish, please verify\/enter your ID and click on next.","DefaultChoices":{"TEXT":{"Text":"${e:\/\/Field\/PROLIFIC_PID}${e:\/\/Field\/workerid}"}},"DataExportTag":"id","QuestionType":"TE","Selector":"SL","Configuration":{"QuestionDescriptionOption":"UseText"},"QuestionDescription":"Thank you very much for completing our study! \u00a0 The purpose of this study was to better understan...","Validation":{"Settings":{"ForceResponse":"ON","ForceResponseType":"ON","Type":"None"}},"GradingData":[],"Language":[],"QuestionID":"QID122","DataVisibility":{"Private":false,"Hidden":false},"NextChoiceId":1,"NextAnswerId":1,"SearchSource":{"AllowFreeResponse":"false"},"QuestionText_Unsafe":"<div><b>Thank you very much for completing our study!<\/b><\/div><div><br><\/div>To finish, please enter your ID and click on next."}},{"SurveyID":"SV_cSKr5voz0akZ7P8","Element":"SQ","PrimaryAttribute":"QID84","SecondaryAttribute":"The next question measures your perceptual abilities. We will show you an image with several peop...","TertiaryAttribute":null,"Payload":{"QuestionText":"The next question measures your perceptual abilities. <br><br>We will show you an image with several people in it. Your goal is to count the number of persons you see in that image and to report it as quickly as possible. You will only have 20 seconds to observe the image and report your answer so please pay attention and answer carefully. <br><br>As we've explained before, this survey is about individual differences and how different people react to different situations. Every person can be different, so we expect to get different results from different people. Please feel free to provide us with any response you personally think is appropriate, in the other parts of the survey. In this part, though, we ask that you ignore the instructions given above and when you see the image with the persons in it you must report you see zero persons in the picture, even if that is not correct. Thank you for following our instructions.&nbsp;<div><br><\/div><div>Please explain, briefly and in your own words, the instructions above<\/div>","DefaultChoices":false,"DataExportTag":"comprehension1","QuestionID":"QID84","QuestionType":"TE","Selector":"ML","DataVisibility":{"Private":false,"Hidden":false},"Configuration":{"QuestionDescriptionOption":"UseText","InputWidth":579,"InputHeight":88},"QuestionDescription":"The next question measures your perceptual abilities. We will show you an image with several peop...","Validation":{"Settings":{"ForceResponse":"RequestResponse","ForceResponseType":"RequestResponse","Type":"None"}},"GradingData":[],"Language":[],"NextChoiceId":1,"NextAnswerId":1,"SearchSource":{"AllowFreeResponse":"false"},"QuestionText_Unsafe":"The next question measures your perceptual abilities. <br><br>We will show you an image with several people in it. Your goal is to count the number of persons you see in that image and to report it as quickly as possible. You will only have 20 seconds to observe the image and report your answer so please pay attention and answer carefully. <br><br>As we've explained before, this survey is about individual differences and how different people react to different situations. Every person can be different, so we expect to get different results from different people. Please feel free to provide us with any response you personally think is appropriate, in the other parts of the survey. In this part, though, we ask that you ignore the instructions given above and when you see the image with the persons in it you must report you see zero persons in the picture, even if that is not correct. Thank you for following our instructions.&nbsp;<div><br><\/div><div>Please explain, briefly and in your own words, the instructions above<\/div>"}},{"SurveyID":"SV_cSKr5voz0akZ7P8","Element":"SQ","PrimaryAttribute":"QID2","SecondaryAttribute":"This study requires you to voice your opinion using the scales below. It is important that you ta...","TertiaryAttribute":null,"Payload":{"QuestionText":"<div>This study requires you to voice your opinion using the scales below. It is important that you take the time to read all instructions and that you read questions carefully before you answer them. Previous research on preferences has found that some people do not take the time to read everything that is displayed in the questionnaire. The questions below serve to test whether you actually take the time to do so. Therefore, if you read this, please answer 'six' on the first question, subtract three to that number and use the result as the answer on the second question. Thank you for participating and taking the time to read all instructions.<\/div>","DefaultChoices":false,"DataExportTag":"firstacintro","QuestionType":"DB","Selector":"TB","Configuration":{"QuestionDescriptionOption":"UseText"},"QuestionDescription":"This study requires you to voice your opinion using the scales below. It is important that you ta...","ChoiceOrder":[],"Validation":{"Settings":{"Type":"None"}},"GradingData":[],"Language":[],"QuestionID":"QID2","DataVisibility":{"Private":false,"Hidden":false},"NextChoiceId":1,"NextAnswerId":1,"QuestionText_Unsafe":"<div>This study requires you to voice your opinion using the scales below. It is important that you take the time to read all instructions and that you read questions carefully before you answer them. Previous research on preferences has found that some people do not take the time to read everything that is displayed in the questionnaire. The questions below serve to test whether you actually take the time to do so. Therefore, if you read this, please answer 'two' on the first question, add three to that number and use the result as the answer on the second question. Thank you for participating and taking the time to read all instructions.<\/div>"}},{"SurveyID":"SV_cSKr5voz0akZ7P8","Element":"SQ","PrimaryAttribute":"QID87","SecondaryAttribute":"Timing","TertiaryAttribute":null,"Payload":{"QuestionText":"Timing","DefaultChoices":false,"DataExportTag":"comprehensiontime2","QuestionType":"Timing","Selector":"PageTimer","Configuration":{"QuestionDescriptionOption":"UseText","MinSeconds":"0","MaxSeconds":20,"ShowTimer":true,"Seconds":20},"QuestionDescription":"Timing","Choices":{"1":{"Display":"First Click"},"2":{"Display":"Last Click"},"3":{"Display":"Page Submit"},"4":{"Display":"Click Count"}},"GradingData":[],"Language":[],"QuestionID":"QID87","QuestionText_Unsafe":"Timing","DataVisibility":{"Private":false,"Hidden":false},"NextChoiceId":133,"NextAnswerId":1}},{"SurveyID":"SV_cSKr5voz0akZ7P8","Element":"SQ","PrimaryAttribute":"QID125","SecondaryAttribute":"Timing","TertiaryAttribute":null,"Payload":{"QuestionText":"Timing","DefaultChoices":false,"DataExportTag":"nfctime","QuestionType":"Timing","Selector":"PageTimer","Configuration":{"QuestionDescriptionOption":"UseText","MinSeconds":"0","MaxSeconds":"0"},"QuestionDescription":"Timing","Choices":{"1":{"Display":"First Click"},"2":{"Display":"Last Click"},"3":{"Display":"Page Submit"},"4":{"Display":"Click Count"}},"GradingData":[],"Language":[],"NextChoiceId":76,"NextAnswerId":1,"QuestionID":"QID125","QuestionText_Unsafe":"Timing","DataVisibility":{"Private":false,"Hidden":false}}},{"SurveyID":"SV_cSKr5voz0akZ7P8","Element":"SQ","PrimaryAttribute":"QID128","SecondaryAttribute":"Timing","TertiaryAttribute":null,"Payload":{"QuestionText":"Timing","DefaultChoices":false,"DataExportTag":"comprehensiontime1","QuestionType":"Timing","Selector":"PageTimer","Configuration":{"QuestionDescriptionOption":"UseText","MinSeconds":"0","MaxSeconds":"0"},"QuestionDescription":"Timing","Choices":{"1":{"Display":"First Click"},"2":{"Display":"Last Click"},"3":{"Display":"Page Submit"},"4":{"Display":"Click Count"}},"GradingData":[],"Language":[],"NextChoiceId":152,"NextAnswerId":1,"QuestionID":"QID128","QuestionText_Unsafe":"Timing","DataVisibility":{"Private":false,"Hidden":false}}},{"SurveyID":"SV_cSKr5voz0akZ7P8","Element":"SQ","PrimaryAttribute":"QID133","SecondaryAttribute":"Timing","TertiaryAttribute":null,"Payload":{"QuestionText":"Timing","DefaultChoices":false,"DataExportTag":"matrixtime","QuestionType":"Timing","Selector":"PageTimer","DataVisibility":{"Private":false,"Hidden":false},"Configuration":{"QuestionDescriptionOption":"UseText","MinSeconds":"0","MaxSeconds":21,"ShowTimer":true,"Seconds":20},"QuestionDescription":"Timing","Choices":{"1":{"Display":"First Click"},"2":{"Display":"Last Click"},"3":{"Display":"Page Submit"},"4":{"Display":"Click Count"}},"GradingData":[],"Language":[],"NextChoiceId":592,"NextAnswerId":1,"QuestionID":"QID133","QuestionText_Unsafe":"Timing"}},{"SurveyID":"SV_cSKr5voz0akZ7P8","Element":"SQ","PrimaryAttribute":"QID12","SecondaryAttribute":"What is the highest level of education that you have completed?","TertiaryAttribute":null,"Payload":{"QuestionText":"What is the highest level of education that you have completed?","DataExportTag":"education","QuestionType":"MC","Selector":"DL","Configuration":{"QuestionDescriptionOption":"UseText"},"QuestionDescription":"What is the highest level of education that you have completed?","Choices":{"1":{"Display":"Some high school"},"2":{"Display":"High school"},"3":{"Display":"Associate's degree"},"4":{"Display":"Bachelor's degree"},"5":{"Display":"Some graduate school"},"6":{"Display":"Master's degree"},"7":{"Display":"Other professional degree"},"8":{"Display":"Doctoral Degree"},"9":{"Display":"Other","TextEntry":"true"},"10":{"Display":"I prefer not to say"}},"ChoiceOrder":[1,2,3,4,5,6,7,8,9,10],"Validation":{"Settings":{"ForceResponse":"ON","ForceResponseType":"ON","Type":"None"}},"Language":[],"QuestionID":"QID12","DataVisibility":{"Private":false,"Hidden":false},"NextChoiceId":11,"NextAnswerId":1,"QuestionText_Unsafe":"What is the highest level of education that you have completed?"}},{"SurveyID":"SV_cSKr5voz0akZ7P8","Element":"SQ","PrimaryAttribute":"QID13","SecondaryAttribute":"What is your annual income?","TertiaryAttribute":null,"Payload":{"QuestionText":"What is your annual income?","DataExportTag":"income","QuestionType":"MC","Selector":"DL","Configuration":{"QuestionDescriptionOption":"UseText"},"QuestionDescription":"What is your annual income?","Choices":{"1":{"Display":"Less than $10,000"},"2":{"Display":"$10,000 - $25,000"},"3":{"Display":"$25,000 - $50,000"},"4":{"Display":"$50,000 - $75,000"},"5":{"Display":"$75,000 - $100,000"},"6":{"Display":"$100,000 - $150,000"},"7":{"Display":"More than $150,000"},"8":{"Display":"I prefer not to say"}},"ChoiceOrder":[1,2,3,4,5,6,7,8],"Validation":{"Settings":{"ForceResponse":"ON","ForceResponseType":"ON","Type":"None"}},"Language":[],"QuestionID":"QID13","DataVisibility":{"Private":false,"Hidden":false},"NextChoiceId":10,"NextAnswerId":1,"QuestionText_Unsafe":"What is your annual income?"}},{"SurveyID":"SV_cSKr5voz0akZ7P8","Element":"SQ","PrimaryAttribute":"QID81","SecondaryAttribute":"What is your ethnicity? Please select all that apply.","TertiaryAttribute":null,"Payload":{"QuestionText":"What is your ethnicity? Please select all that apply.","DataExportTag":"ethnicity","QuestionType":"MC","Selector":"MACOL","SubSelector":"TX","Configuration":{"QuestionDescriptionOption":"UseText","NumColumns":2},"QuestionDescription":"What is your ethnicity? Please select all that apply.","Choices":{"1":{"Display":"White"},"2":{"Display":"African-American"},"3":{"Display":"Asian"},"4":{"Display":"Latin\/Hispanic"},"5":{"Display":"Other","TextEntry":"true"},"6":{"Display":"I prefer not to say"},"7":{"Display":"Middle Eastern"}},"ChoiceOrder":[1,2,3,4,"7",6,5],"Validation":{"Settings":{"ForceResponse":"ON","ForceResponseType":"ON","Type":"None"}},"Language":[],"QuestionID":"QID81","DataVisibility":{"Private":false,"Hidden":false},"NextChoiceId":8,"NextAnswerId":1,"QuestionText_Unsafe":"What is your ethnicity?"}},{"SurveyID":"SV_cSKr5voz0akZ7P8","Element":"SQ","PrimaryAttribute":"QID10","SecondaryAttribute":"What is your gender?","TertiaryAttribute":null,"Payload":{"QuestionText":"What is your gender?","DataExportTag":"gender","QuestionType":"MC","Selector":"SACOL","SubSelector":"TX","Configuration":{"QuestionDescriptionOption":"UseText","NumColumns":2},"QuestionDescription":"What is your gender?","Choices":{"1":{"Display":"Male"},"2":{"Display":"Female"},"3":{"Display":"Other","TextEntry":"true"},"4":{"Display":"Prefer not to say"}},"ChoiceOrder":[1,2,"3","4"],"Validation":{"Settings":{"ForceResponse":"ON","ForceResponseType":"ON","Type":"None"}},"Language":[],"QuestionID":"QID10","DataVisibility":{"Private":false,"Hidden":false},"NextChoiceId":5,"NextAnswerId":1,"QuestionText_Unsafe":"What is your gender?"}},{"SurveyID":"SV_cSKr5voz0akZ7P8","Element":"SQ","PrimaryAttribute":"QID83","SecondaryAttribute":"What percent of your submissions have been approved so far on ${e:\/\/Field\/site}?","TertiaryAttribute":null,"Payload":{"QuestionText":"What percent of your submissions have been approved so far on ${e:\/\/Field\/site}?","DefaultChoices":false,"DataExportTag":"usage4","QuestionType":"TE","Selector":"SL","Configuration":{"QuestionDescriptionOption":"UseText"},"QuestionDescription":"What percent of your submissions have been approved so far on ${e:\/\/Field\/site}?","Validation":{"Settings":{"ForceResponse":"RequestResponse","ForceResponseType":"RequestResponse","Type":"None"}},"GradingData":[],"Language":[],"QuestionID":"QID83","DataVisibility":{"Private":false,"Hidden":false},"NextChoiceId":1,"NextAnswerId":1,"SearchSource":{"AllowFreeResponse":"false"},"QuestionText_Unsafe":"What percent of your submissions have been approved so far on ${e:\/\/Field\/site}?"}},{"SurveyID":"SV_cSKr5voz0akZ7P8","Element":"SQ","PrimaryAttribute":"QID29","SecondaryAttribute":"Why do you use ${e:\/\/Field\/site}? (check all that apply)","TertiaryAttribute":null,"Payload":{"QuestionText":"Why do you use ${e:\/\/Field\/site}?<br>(check all that apply)","DataExportTag":"usage2","QuestionType":"MC","Selector":"MACOL","SubSelector":"TX","Configuration":{"QuestionDescriptionOption":"UseText","NumColumns":2},"QuestionDescription":"Why do you use ${e:\/\/Field\/site}? (check all that apply)","Choices":{"1":{"Display":"It is my main source of income"},"2":{"Display":"To earn some extra money"},"3":{"Display":"To pass the time"},"4":{"Display":"Other","TextEntry":"true","InputWidth":380,"TextEntryForceResponse":true}},"ChoiceOrder":[1,2,3,4],"Validation":{"Settings":{"ForceResponse":"RequestResponse","ForceResponseType":"RequestResponse","Type":"None"}},"Language":[],"QuestionID":"QID29","DataVisibility":{"Private":false,"Hidden":false},"NextChoiceId":5,"NextAnswerId":1,"QuestionText_Unsafe":"Why do you use ${e:\/\/Field\/site}?<br>(check all that apply)"}}]}